// !$*UTF8*$!
{
	archiveVersion = 1;
	classes = {
	};
	objectVersion = 46;
	objects = {

/* Begin PBXBuildFile section */
		59164529C1AFF96260FD8F4E /* Pods____.framework in Frameworks */ = {isa = PBXBuildFile; fileRef = 899E9C20F625F8C883CA23F5 /* Pods____.framework */; };
		7DF490AC1EA2745D005D98C6 /* main.m in Sources */ = {isa = PBXBuildFile; fileRef = 7DF490AB1EA2745D005D98C6 /* main.m */; };
		7DF490AF1EA2745D005D98C6 /* AppDelegate.m in Sources */ = {isa = PBXBuildFile; fileRef = 7DF490AE1EA2745D005D98C6 /* AppDelegate.m */; };
		7DF490B21EA2745D005D98C6 /* ViewController.m in Sources */ = {isa = PBXBuildFile; fileRef = 7DF490B11EA2745D005D98C6 /* ViewController.m */; };
		7DF490B51EA2745D005D98C6 /* Main.storyboard in Resources */ = {isa = PBXBuildFile; fileRef = 7DF490B31EA2745D005D98C6 /* Main.storyboard */; };
		7DF490B71EA2745D005D98C6 /* Assets.xcassets in Resources */ = {isa = PBXBuildFile; fileRef = 7DF490B61EA2745D005D98C6 /* Assets.xcassets */; };
		7DF490BA1EA2745D005D98C6 /* LaunchScreen.storyboard in Resources */ = {isa = PBXBuildFile; fileRef = 7DF490B81EA2745D005D98C6 /* LaunchScreen.storyboard */; };
		7DF490C51EA2745D005D98C6 /* ___Tests.m in Sources */ = {isa = PBXBuildFile; fileRef = 7DF490C41EA2745D005D98C6 /* ___Tests.m */; };
		7DF490D01EA2745D005D98C6 /* ___UITests.m in Sources */ = {isa = PBXBuildFile; fileRef = 7DF490CF1EA2745D005D98C6 /* ___UITests.m */; };
		7DF490FD1EA3C0D4005D98C6 /* AudioToolbox.framework in Frameworks */ = {isa = PBXBuildFile; fileRef = 7DF490FC1EA3C0D4005D98C6 /* AudioToolbox.framework */; };
		7DF490FF1EA3C0DC005D98C6 /* AVFoundation.framework in Frameworks */ = {isa = PBXBuildFile; fileRef = 7DF490FE1EA3C0DC005D98C6 /* AVFoundation.framework */; };
		7DF491011EA3C0E4005D98C6 /* CoreMedia.framework in Frameworks */ = {isa = PBXBuildFile; fileRef = 7DF491001EA3C0E4005D98C6 /* CoreMedia.framework */; };
		7DF491031EA3C0EE005D98C6 /* CoreVideo.framework in Frameworks */ = {isa = PBXBuildFile; fileRef = 7DF491021EA3C0EE005D98C6 /* CoreVideo.framework */; };
		7DF491051EA3C102005D98C6 /* libbz2.tbd in Frameworks */ = {isa = PBXBuildFile; fileRef = 7DF491041EA3C102005D98C6 /* libbz2.tbd */; };
		7DF491071EA3C10A005D98C6 /* libz.tbd in Frameworks */ = {isa = PBXBuildFile; fileRef = 7DF491061EA3C10A005D98C6 /* libz.tbd */; };
		7DF491091EA3C118005D98C6 /* MediaPlayer.framework in Frameworks */ = {isa = PBXBuildFile; fileRef = 7DF491081EA3C118005D98C6 /* MediaPlayer.framework */; };
		7DF4910B1EA3C129005D98C6 /* MobileCoreServices.framework in Frameworks */ = {isa = PBXBuildFile; fileRef = 7DF4910A1EA3C129005D98C6 /* MobileCoreServices.framework */; };
		7DF4910D1EA3C134005D98C6 /* OpenGLES.framework in Frameworks */ = {isa = PBXBuildFile; fileRef = 7DF4910C1EA3C134005D98C6 /* OpenGLES.framework */; };
		7DF4910F1EA3C140005D98C6 /* VideoToolbox.framework in Frameworks */ = {isa = PBXBuildFile; fileRef = 7DF4910E1EA3C140005D98C6 /* VideoToolbox.framework */; };
		7DF491111EA3C14B005D98C6 /* CoreGraphics.framework in Frameworks */ = {isa = PBXBuildFile; fileRef = 7DF491101EA3C14B005D98C6 /* CoreGraphics.framework */; };
		7DF491151EA3C19C005D98C6 /* IJKMediaFramework.framework in Frameworks */ = {isa = PBXBuildFile; fileRef = 7DF491141EA3C19C005D98C6 /* IJKMediaFramework.framework */; };
		7DF491181EA50A11005D98C6 /* CaptureVideosViewController.m in Sources */ = {isa = PBXBuildFile; fileRef = 7DF491171EA50A11005D98C6 /* CaptureVideosViewController.m */; };
		7DF4911C1EA50A4D005D98C6 /* BaseTabbarViewController.m in Sources */ = {isa = PBXBuildFile; fileRef = 7DF4911B1EA50A4D005D98C6 /* BaseTabbarViewController.m */; };
		7DF4911F1EA50AE9005D98C6 /* CaptureVideosNavigationController.m in Sources */ = {isa = PBXBuildFile; fileRef = 7DF4911E1EA50AE9005D98C6 /* CaptureVideosNavigationController.m */; };
		7DF491221EA511F9005D98C6 /* VideosNavigationController.m in Sources */ = {isa = PBXBuildFile; fileRef = 7DF491211EA511F9005D98C6 /* VideosNavigationController.m */; };
		7DF491251EA51240005D98C6 /* VideosViewController.m in Sources */ = {isa = PBXBuildFile; fileRef = 7DF491241EA51240005D98C6 /* VideosViewController.m */; };
		7DF491F11EAA476A005D98C6 /* libSVGKit-iOS.2.0.0.a in Frameworks */ = {isa = PBXBuildFile; fileRef = 7DF4916C1EAA476A005D98C6 /* libSVGKit-iOS.2.0.0.a */; };
		8B2051F21EAF598500083C83 /* AnimationViewController.swift in Sources */ = {isa = PBXBuildFile; fileRef = 8B2051F11EAF598500083C83 /* AnimationViewController.swift */; };
		8B798A0A1EA87AE4003B37FA /* 个人.svg in Resources */ = {isa = PBXBuildFile; fileRef = 8B798A091EA87AE4003B37FA /* 个人.svg */; };
		8BEB9D7D1EA9E93E00BAEFC7 /* CustomTabBar.m in Sources */ = {isa = PBXBuildFile; fileRef = 8BEB9D7C1EA9E93E00BAEFC7 /* CustomTabBar.m */; };
		8BEB9D801EA9F9F800BAEFC7 /* UIView+Frame.m in Sources */ = {isa = PBXBuildFile; fileRef = 8BEB9D7F1EA9F9F800BAEFC7 /* UIView+Frame.m */; };
		8BEB9D9D1EAA0E6200BAEFC7 /* CoreText.framework in Frameworks */ = {isa = PBXBuildFile; fileRef = 8BEB9D9C1EAA0E6200BAEFC7 /* CoreText.framework */; };
		8BEB9D9F1EAA0E7100BAEFC7 /* CoreImage.framework in Frameworks */ = {isa = PBXBuildFile; fileRef = 8BEB9D9E1EAA0E7100BAEFC7 /* CoreImage.framework */; };
		8BEB9DA11EAA0E7E00BAEFC7 /* libxml2.tbd in Frameworks */ = {isa = PBXBuildFile; fileRef = 8BEB9DA01EAA0E7E00BAEFC7 /* libxml2.tbd */; };
		8BEB9DA31EAA0E9000BAEFC7 /* QuartzCore.framework in Frameworks */ = {isa = PBXBuildFile; fileRef = 8BEB9DA21EAA0E9000BAEFC7 /* QuartzCore.framework */; };
		8BEB9DA61EAA0F0100BAEFC7 /* CocoaLumberjack.framework in Frameworks */ = {isa = PBXBuildFile; fileRef = 8BEB9DA51EAA0F0100BAEFC7 /* CocoaLumberjack.framework */; };
		8BEB9DA71EAA0F1800BAEFC7 /* CocoaLumberjack.framework in Frameworks */ = {isa = PBXBuildFile; fileRef = 8BEB9DA51EAA0F0100BAEFC7 /* CocoaLumberjack.framework */; };
		8BEB9DA81EAA0F1800BAEFC7 /* CocoaLumberjack.framework in Embed Frameworks */ = {isa = PBXBuildFile; fileRef = 8BEB9DA51EAA0F0100BAEFC7 /* CocoaLumberjack.framework */; settings = {ATTRIBUTES = (CodeSignOnCopy, RemoveHeadersOnCopy, ); }; };
/* End PBXBuildFile section */

/* Begin PBXContainerItemProxy section */
		7DF490C11EA2745D005D98C6 /* PBXContainerItemProxy */ = {
			isa = PBXContainerItemProxy;
			containerPortal = 7DF4909F1EA2745D005D98C6 /* Project object */;
			proxyType = 1;
			remoteGlobalIDString = 7DF490A61EA2745D005D98C6;
			remoteInfo = "非直播";
		};
		7DF490CC1EA2745D005D98C6 /* PBXContainerItemProxy */ = {
			isa = PBXContainerItemProxy;
			containerPortal = 7DF4909F1EA2745D005D98C6 /* Project object */;
			proxyType = 1;
			remoteGlobalIDString = 7DF490A61EA2745D005D98C6;
			remoteInfo = "非直播";
		};
/* End PBXContainerItemProxy section */

/* Begin PBXCopyFilesBuildPhase section */
		8BEB9DA91EAA0F1800BAEFC7 /* Embed Frameworks */ = {
			isa = PBXCopyFilesBuildPhase;
			buildActionMask = 2147483647;
			dstPath = "";
			dstSubfolderSpec = 10;
			files = (
				8BEB9DA81EAA0F1800BAEFC7 /* CocoaLumberjack.framework in Embed Frameworks */,
			);
			name = "Embed Frameworks";
			runOnlyForDeploymentPostprocessing = 0;
		};
/* End PBXCopyFilesBuildPhase section */

/* Begin PBXFileReference section */
		50CDBFB149448613C0065ADA /* Pods-非直播.release.xcconfig */ = {isa = PBXFileReference; includeInIndex = 1; lastKnownFileType = text.xcconfig; name = "Pods-非直播.release.xcconfig"; path = "Pods/Target Support Files/Pods-非直播/Pods-非直播.release.xcconfig"; sourceTree = "<group>"; };
		7DF490A71EA2745D005D98C6 /* 非直播.app */ = {isa = PBXFileReference; explicitFileType = wrapper.application; includeInIndex = 0; path = "非直播.app"; sourceTree = BUILT_PRODUCTS_DIR; };
		7DF490AB1EA2745D005D98C6 /* main.m */ = {isa = PBXFileReference; lastKnownFileType = sourcecode.c.objc; path = main.m; sourceTree = "<group>"; };
		7DF490AD1EA2745D005D98C6 /* AppDelegate.h */ = {isa = PBXFileReference; lastKnownFileType = sourcecode.c.h; path = AppDelegate.h; sourceTree = "<group>"; };
		7DF490AE1EA2745D005D98C6 /* AppDelegate.m */ = {isa = PBXFileReference; lastKnownFileType = sourcecode.c.objc; path = AppDelegate.m; sourceTree = "<group>"; };
		7DF490B01EA2745D005D98C6 /* ViewController.h */ = {isa = PBXFileReference; lastKnownFileType = sourcecode.c.h; path = ViewController.h; sourceTree = "<group>"; };
		7DF490B11EA2745D005D98C6 /* ViewController.m */ = {isa = PBXFileReference; lastKnownFileType = sourcecode.c.objc; path = ViewController.m; sourceTree = "<group>"; };
		7DF490B41EA2745D005D98C6 /* Base */ = {isa = PBXFileReference; lastKnownFileType = file.storyboard; name = Base; path = Base.lproj/Main.storyboard; sourceTree = "<group>"; };
		7DF490B61EA2745D005D98C6 /* Assets.xcassets */ = {isa = PBXFileReference; lastKnownFileType = folder.assetcatalog; path = Assets.xcassets; sourceTree = "<group>"; };
		7DF490B91EA2745D005D98C6 /* Base */ = {isa = PBXFileReference; lastKnownFileType = file.storyboard; name = Base; path = Base.lproj/LaunchScreen.storyboard; sourceTree = "<group>"; };
		7DF490BB1EA2745D005D98C6 /* Info.plist */ = {isa = PBXFileReference; lastKnownFileType = text.plist.xml; path = Info.plist; sourceTree = "<group>"; };
		7DF490C01EA2745D005D98C6 /* 非直播Tests.xctest */ = {isa = PBXFileReference; explicitFileType = wrapper.cfbundle; includeInIndex = 0; path = "非直播Tests.xctest"; sourceTree = BUILT_PRODUCTS_DIR; };
		7DF490C41EA2745D005D98C6 /* ___Tests.m */ = {isa = PBXFileReference; lastKnownFileType = sourcecode.c.objc; path = "___Tests.m"; sourceTree = "<group>"; };
		7DF490C61EA2745D005D98C6 /* Info.plist */ = {isa = PBXFileReference; lastKnownFileType = text.plist.xml; path = Info.plist; sourceTree = "<group>"; };
		7DF490CB1EA2745D005D98C6 /* 非直播UITests.xctest */ = {isa = PBXFileReference; explicitFileType = wrapper.cfbundle; includeInIndex = 0; path = "非直播UITests.xctest"; sourceTree = BUILT_PRODUCTS_DIR; };
		7DF490CF1EA2745D005D98C6 /* ___UITests.m */ = {isa = PBXFileReference; lastKnownFileType = sourcecode.c.objc; path = "___UITests.m"; sourceTree = "<group>"; };
		7DF490D11EA2745D005D98C6 /* Info.plist */ = {isa = PBXFileReference; lastKnownFileType = text.plist.xml; path = Info.plist; sourceTree = "<group>"; };
		7DF490FC1EA3C0D4005D98C6 /* AudioToolbox.framework */ = {isa = PBXFileReference; lastKnownFileType = wrapper.framework; name = AudioToolbox.framework; path = System/Library/Frameworks/AudioToolbox.framework; sourceTree = SDKROOT; };
		7DF490FE1EA3C0DC005D98C6 /* AVFoundation.framework */ = {isa = PBXFileReference; lastKnownFileType = wrapper.framework; name = AVFoundation.framework; path = System/Library/Frameworks/AVFoundation.framework; sourceTree = SDKROOT; };
		7DF491001EA3C0E4005D98C6 /* CoreMedia.framework */ = {isa = PBXFileReference; lastKnownFileType = wrapper.framework; name = CoreMedia.framework; path = System/Library/Frameworks/CoreMedia.framework; sourceTree = SDKROOT; };
		7DF491021EA3C0EE005D98C6 /* CoreVideo.framework */ = {isa = PBXFileReference; lastKnownFileType = wrapper.framework; name = CoreVideo.framework; path = System/Library/Frameworks/CoreVideo.framework; sourceTree = SDKROOT; };
		7DF491041EA3C102005D98C6 /* libbz2.tbd */ = {isa = PBXFileReference; lastKnownFileType = "sourcecode.text-based-dylib-definition"; name = libbz2.tbd; path = usr/lib/libbz2.tbd; sourceTree = SDKROOT; };
		7DF491061EA3C10A005D98C6 /* libz.tbd */ = {isa = PBXFileReference; lastKnownFileType = "sourcecode.text-based-dylib-definition"; name = libz.tbd; path = usr/lib/libz.tbd; sourceTree = SDKROOT; };
		7DF491081EA3C118005D98C6 /* MediaPlayer.framework */ = {isa = PBXFileReference; lastKnownFileType = wrapper.framework; name = MediaPlayer.framework; path = System/Library/Frameworks/MediaPlayer.framework; sourceTree = SDKROOT; };
		7DF4910A1EA3C129005D98C6 /* MobileCoreServices.framework */ = {isa = PBXFileReference; lastKnownFileType = wrapper.framework; name = MobileCoreServices.framework; path = System/Library/Frameworks/MobileCoreServices.framework; sourceTree = SDKROOT; };
		7DF4910C1EA3C134005D98C6 /* OpenGLES.framework */ = {isa = PBXFileReference; lastKnownFileType = wrapper.framework; name = OpenGLES.framework; path = System/Library/Frameworks/OpenGLES.framework; sourceTree = SDKROOT; };
		7DF4910E1EA3C140005D98C6 /* VideoToolbox.framework */ = {isa = PBXFileReference; lastKnownFileType = wrapper.framework; name = VideoToolbox.framework; path = System/Library/Frameworks/VideoToolbox.framework; sourceTree = SDKROOT; };
		7DF491101EA3C14B005D98C6 /* CoreGraphics.framework */ = {isa = PBXFileReference; lastKnownFileType = wrapper.framework; name = CoreGraphics.framework; path = System/Library/Frameworks/CoreGraphics.framework; sourceTree = SDKROOT; };
		7DF491141EA3C19C005D98C6 /* IJKMediaFramework.framework */ = {isa = PBXFileReference; lastKnownFileType = wrapper.framework; path = IJKMediaFramework.framework; sourceTree = "<group>"; };
		7DF491161EA50A11005D98C6 /* CaptureVideosViewController.h */ = {isa = PBXFileReference; fileEncoding = 4; lastKnownFileType = sourcecode.c.h; path = CaptureVideosViewController.h; sourceTree = "<group>"; };
		7DF491171EA50A11005D98C6 /* CaptureVideosViewController.m */ = {isa = PBXFileReference; fileEncoding = 4; lastKnownFileType = sourcecode.c.objc; path = CaptureVideosViewController.m; sourceTree = "<group>"; };
		7DF4911A1EA50A4D005D98C6 /* BaseTabbarViewController.h */ = {isa = PBXFileReference; fileEncoding = 4; lastKnownFileType = sourcecode.c.h; path = BaseTabbarViewController.h; sourceTree = "<group>"; };
		7DF4911B1EA50A4D005D98C6 /* BaseTabbarViewController.m */ = {isa = PBXFileReference; fileEncoding = 4; lastKnownFileType = sourcecode.c.objc; path = BaseTabbarViewController.m; sourceTree = "<group>"; };
		7DF4911D1EA50AE9005D98C6 /* CaptureVideosNavigationController.h */ = {isa = PBXFileReference; fileEncoding = 4; lastKnownFileType = sourcecode.c.h; path = CaptureVideosNavigationController.h; sourceTree = "<group>"; };
		7DF4911E1EA50AE9005D98C6 /* CaptureVideosNavigationController.m */ = {isa = PBXFileReference; fileEncoding = 4; lastKnownFileType = sourcecode.c.objc; path = CaptureVideosNavigationController.m; sourceTree = "<group>"; };
		7DF491201EA511F9005D98C6 /* VideosNavigationController.h */ = {isa = PBXFileReference; fileEncoding = 4; lastKnownFileType = sourcecode.c.h; path = VideosNavigationController.h; sourceTree = "<group>"; };
		7DF491211EA511F9005D98C6 /* VideosNavigationController.m */ = {isa = PBXFileReference; fileEncoding = 4; lastKnownFileType = sourcecode.c.objc; path = VideosNavigationController.m; sourceTree = "<group>"; };
		7DF491231EA51240005D98C6 /* VideosViewController.h */ = {isa = PBXFileReference; fileEncoding = 4; lastKnownFileType = sourcecode.c.h; path = VideosViewController.h; sourceTree = "<group>"; };
		7DF491241EA51240005D98C6 /* VideosViewController.m */ = {isa = PBXFileReference; fileEncoding = 4; lastKnownFileType = sourcecode.c.objc; path = VideosViewController.m; sourceTree = "<group>"; };
		7DF4916C1EAA476A005D98C6 /* libSVGKit-iOS.2.0.0.a */ = {isa = PBXFileReference; lastKnownFileType = archive.ar; path = "libSVGKit-iOS.2.0.0.a"; sourceTree = "<group>"; };
		7DF491701EAA476A005D98C6 /* AppleSucksDOMImplementation.h */ = {isa = PBXFileReference; fileEncoding = 4; lastKnownFileType = sourcecode.c.h; path = AppleSucksDOMImplementation.h; sourceTree = "<group>"; };
		7DF491711EAA476A005D98C6 /* Attr.h */ = {isa = PBXFileReference; fileEncoding = 4; lastKnownFileType = sourcecode.c.h; path = Attr.h; sourceTree = "<group>"; };
		7DF491721EAA476A005D98C6 /* BaseClassForAllSVGBasicShapes.h */ = {isa = PBXFileReference; fileEncoding = 4; lastKnownFileType = sourcecode.c.h; path = BaseClassForAllSVGBasicShapes.h; sourceTree = "<group>"; };
		7DF491731EAA476A005D98C6 /* BaseClassForAllSVGBasicShapes_ForSubclasses.h */ = {isa = PBXFileReference; fileEncoding = 4; lastKnownFileType = sourcecode.c.h; path = BaseClassForAllSVGBasicShapes_ForSubclasses.h; sourceTree = "<group>"; };
		7DF491741EAA476A005D98C6 /* CALayer+RecursiveClone.h */ = {isa = PBXFileReference; fileEncoding = 4; lastKnownFileType = sourcecode.c.h; path = "CALayer+RecursiveClone.h"; sourceTree = "<group>"; };
		7DF491751EAA476A005D98C6 /* CALayerExporter.h */ = {isa = PBXFileReference; fileEncoding = 4; lastKnownFileType = sourcecode.c.h; path = CALayerExporter.h; sourceTree = "<group>"; };
		7DF491761EAA476A005D98C6 /* CALayerWithChildHitTest.h */ = {isa = PBXFileReference; fileEncoding = 4; lastKnownFileType = sourcecode.c.h; path = CALayerWithChildHitTest.h; sourceTree = "<group>"; };
		7DF491771EAA476A005D98C6 /* CALayerWithClipRender.h */ = {isa = PBXFileReference; fileEncoding = 4; lastKnownFileType = sourcecode.c.h; path = CALayerWithClipRender.h; sourceTree = "<group>"; };
		7DF491781EAA476A005D98C6 /* CAShapeLayerWithClipRender.h */ = {isa = PBXFileReference; fileEncoding = 4; lastKnownFileType = sourcecode.c.h; path = CAShapeLayerWithClipRender.h; sourceTree = "<group>"; };
		7DF491791EAA476A005D98C6 /* CAShapeLayerWithHitTest.h */ = {isa = PBXFileReference; fileEncoding = 4; lastKnownFileType = sourcecode.c.h; path = CAShapeLayerWithHitTest.h; sourceTree = "<group>"; };
		7DF4917A1EAA476A005D98C6 /* CDATASection.h */ = {isa = PBXFileReference; fileEncoding = 4; lastKnownFileType = sourcecode.c.h; path = CDATASection.h; sourceTree = "<group>"; };
		7DF4917B1EAA476A005D98C6 /* CGPathAdditions.h */ = {isa = PBXFileReference; fileEncoding = 4; lastKnownFileType = sourcecode.c.h; path = CGPathAdditions.h; sourceTree = "<group>"; };
		7DF4917C1EAA476A005D98C6 /* CharacterData.h */ = {isa = PBXFileReference; fileEncoding = 4; lastKnownFileType = sourcecode.c.h; path = CharacterData.h; sourceTree = "<group>"; };
		7DF4917D1EAA476A005D98C6 /* Comment.h */ = {isa = PBXFileReference; fileEncoding = 4; lastKnownFileType = sourcecode.c.h; path = Comment.h; sourceTree = "<group>"; };
		7DF4917E1EAA476A005D98C6 /* ConverterSVGToCALayer.h */ = {isa = PBXFileReference; fileEncoding = 4; lastKnownFileType = sourcecode.c.h; path = ConverterSVGToCALayer.h; sourceTree = "<group>"; };
		7DF4917F1EAA476A005D98C6 /* CSSPrimitiveValue.h */ = {isa = PBXFileReference; fileEncoding = 4; lastKnownFileType = sourcecode.c.h; path = CSSPrimitiveValue.h; sourceTree = "<group>"; };
		7DF491801EAA476A005D98C6 /* CSSPrimitiveValue_ConfigurablePixelsPerInch.h */ = {isa = PBXFileReference; fileEncoding = 4; lastKnownFileType = sourcecode.c.h; path = CSSPrimitiveValue_ConfigurablePixelsPerInch.h; sourceTree = "<group>"; };
		7DF491811EAA476A005D98C6 /* CSSRule.h */ = {isa = PBXFileReference; fileEncoding = 4; lastKnownFileType = sourcecode.c.h; path = CSSRule.h; sourceTree = "<group>"; };
		7DF491821EAA476A005D98C6 /* CSSRuleList+Mutable.h */ = {isa = PBXFileReference; fileEncoding = 4; lastKnownFileType = sourcecode.c.h; path = "CSSRuleList+Mutable.h"; sourceTree = "<group>"; };
		7DF491831EAA476A005D98C6 /* CSSRuleList.h */ = {isa = PBXFileReference; fileEncoding = 4; lastKnownFileType = sourcecode.c.h; path = CSSRuleList.h; sourceTree = "<group>"; };
		7DF491841EAA476A005D98C6 /* CSSStyleDeclaration.h */ = {isa = PBXFileReference; fileEncoding = 4; lastKnownFileType = sourcecode.c.h; path = CSSStyleDeclaration.h; sourceTree = "<group>"; };
		7DF491851EAA476A005D98C6 /* CSSStyleRule.h */ = {isa = PBXFileReference; fileEncoding = 4; lastKnownFileType = sourcecode.c.h; path = CSSStyleRule.h; sourceTree = "<group>"; };
		7DF491861EAA476A005D98C6 /* CSSStyleSheet.h */ = {isa = PBXFileReference; fileEncoding = 4; lastKnownFileType = sourcecode.c.h; path = CSSStyleSheet.h; sourceTree = "<group>"; };
		7DF491871EAA476A005D98C6 /* CSSValue.h */ = {isa = PBXFileReference; fileEncoding = 4; lastKnownFileType = sourcecode.c.h; path = CSSValue.h; sourceTree = "<group>"; };
		7DF491881EAA476A005D98C6 /* CSSValue_ForSubclasses.h */ = {isa = PBXFileReference; fileEncoding = 4; lastKnownFileType = sourcecode.c.h; path = CSSValue_ForSubclasses.h; sourceTree = "<group>"; };
		7DF491891EAA476A005D98C6 /* CSSValueList.h */ = {isa = PBXFileReference; fileEncoding = 4; lastKnownFileType = sourcecode.c.h; path = CSSValueList.h; sourceTree = "<group>"; };
		7DF4918A1EAA476A005D98C6 /* Document+Mutable.h */ = {isa = PBXFileReference; fileEncoding = 4; lastKnownFileType = sourcecode.c.h; path = "Document+Mutable.h"; sourceTree = "<group>"; };
		7DF4918B1EAA476A005D98C6 /* Document.h */ = {isa = PBXFileReference; fileEncoding = 4; lastKnownFileType = sourcecode.c.h; path = Document.h; sourceTree = "<group>"; };
		7DF4918C1EAA476A005D98C6 /* DocumentCSS.h */ = {isa = PBXFileReference; fileEncoding = 4; lastKnownFileType = sourcecode.c.h; path = DocumentCSS.h; sourceTree = "<group>"; };
		7DF4918D1EAA476A005D98C6 /* DocumentFragment.h */ = {isa = PBXFileReference; fileEncoding = 4; lastKnownFileType = sourcecode.c.h; path = DocumentFragment.h; sourceTree = "<group>"; };
		7DF4918E1EAA476A005D98C6 /* DocumentStyle.h */ = {isa = PBXFileReference; fileEncoding = 4; lastKnownFileType = sourcecode.c.h; path = DocumentStyle.h; sourceTree = "<group>"; };
		7DF4918F1EAA476A005D98C6 /* DocumentType.h */ = {isa = PBXFileReference; fileEncoding = 4; lastKnownFileType = sourcecode.c.h; path = DocumentType.h; sourceTree = "<group>"; };
		7DF491901EAA476A005D98C6 /* DOMGlobalSettings.h */ = {isa = PBXFileReference; fileEncoding = 4; lastKnownFileType = sourcecode.c.h; path = DOMGlobalSettings.h; sourceTree = "<group>"; };
		7DF491911EAA476A005D98C6 /* DOMHelperUtilities.h */ = {isa = PBXFileReference; fileEncoding = 4; lastKnownFileType = sourcecode.c.h; path = DOMHelperUtilities.h; sourceTree = "<group>"; };
		7DF491921EAA476A005D98C6 /* Element.h */ = {isa = PBXFileReference; fileEncoding = 4; lastKnownFileType = sourcecode.c.h; path = Element.h; sourceTree = "<group>"; };
		7DF491931EAA476A005D98C6 /* EntityReference.h */ = {isa = PBXFileReference; fileEncoding = 4; lastKnownFileType = sourcecode.c.h; path = EntityReference.h; sourceTree = "<group>"; };
		7DF491941EAA476A005D98C6 /* MediaList.h */ = {isa = PBXFileReference; fileEncoding = 4; lastKnownFileType = sourcecode.c.h; path = MediaList.h; sourceTree = "<group>"; };
		7DF491951EAA476A005D98C6 /* NamedNodeMap.h */ = {isa = PBXFileReference; fileEncoding = 4; lastKnownFileType = sourcecode.c.h; path = NamedNodeMap.h; sourceTree = "<group>"; };
		7DF491961EAA476A005D98C6 /* NamedNodeMap_Iterable.h */ = {isa = PBXFileReference; fileEncoding = 4; lastKnownFileType = sourcecode.c.h; path = NamedNodeMap_Iterable.h; sourceTree = "<group>"; };
		7DF491971EAA476A005D98C6 /* Node+Mutable.h */ = {isa = PBXFileReference; fileEncoding = 4; lastKnownFileType = sourcecode.c.h; path = "Node+Mutable.h"; sourceTree = "<group>"; };
		7DF491981EAA476A005D98C6 /* Node.h */ = {isa = PBXFileReference; fileEncoding = 4; lastKnownFileType = sourcecode.c.h; path = Node.h; sourceTree = "<group>"; };
		7DF491991EAA476A005D98C6 /* NodeList+Mutable.h */ = {isa = PBXFileReference; fileEncoding = 4; lastKnownFileType = sourcecode.c.h; path = "NodeList+Mutable.h"; sourceTree = "<group>"; };
		7DF4919A1EAA476A005D98C6 /* NodeList.h */ = {isa = PBXFileReference; fileEncoding = 4; lastKnownFileType = sourcecode.c.h; path = NodeList.h; sourceTree = "<group>"; };
		7DF4919B1EAA476A005D98C6 /* NSCharacterSet+SVGKExtensions.h */ = {isa = PBXFileReference; fileEncoding = 4; lastKnownFileType = sourcecode.c.h; path = "NSCharacterSet+SVGKExtensions.h"; sourceTree = "<group>"; };
		7DF4919C1EAA476A005D98C6 /* NSData+NSInputStream.h */ = {isa = PBXFileReference; fileEncoding = 4; lastKnownFileType = sourcecode.c.h; path = "NSData+NSInputStream.h"; sourceTree = "<group>"; };
		7DF4919D1EAA476A005D98C6 /* ProcessingInstruction.h */ = {isa = PBXFileReference; fileEncoding = 4; lastKnownFileType = sourcecode.c.h; path = ProcessingInstruction.h; sourceTree = "<group>"; };
		7DF4919E1EAA476A005D98C6 /* StyleSheet.h */ = {isa = PBXFileReference; fileEncoding = 4; lastKnownFileType = sourcecode.c.h; path = StyleSheet.h; sourceTree = "<group>"; };
		7DF4919F1EAA476A005D98C6 /* StyleSheetList+Mutable.h */ = {isa = PBXFileReference; fileEncoding = 4; lastKnownFileType = sourcecode.c.h; path = "StyleSheetList+Mutable.h"; sourceTree = "<group>"; };
		7DF491A01EAA476A005D98C6 /* StyleSheetList.h */ = {isa = PBXFileReference; fileEncoding = 4; lastKnownFileType = sourcecode.c.h; path = StyleSheetList.h; sourceTree = "<group>"; };
		7DF491A11EAA476A005D98C6 /* SVGAngle.h */ = {isa = PBXFileReference; fileEncoding = 4; lastKnownFileType = sourcecode.c.h; path = SVGAngle.h; sourceTree = "<group>"; };
		7DF491A21EAA476A005D98C6 /* SVGAnimatedPreserveAspectRatio.h */ = {isa = PBXFileReference; fileEncoding = 4; lastKnownFileType = sourcecode.c.h; path = SVGAnimatedPreserveAspectRatio.h; sourceTree = "<group>"; };
		7DF491A31EAA476A005D98C6 /* SVGCircleElement.h */ = {isa = PBXFileReference; fileEncoding = 4; lastKnownFileType = sourcecode.c.h; path = SVGCircleElement.h; sourceTree = "<group>"; };
		7DF491A41EAA476A005D98C6 /* SVGClipPathElement.h */ = {isa = PBXFileReference; fileEncoding = 4; lastKnownFileType = sourcecode.c.h; path = SVGClipPathElement.h; sourceTree = "<group>"; };
		7DF491A51EAA476A005D98C6 /* SVGDefsElement.h */ = {isa = PBXFileReference; fileEncoding = 4; lastKnownFileType = sourcecode.c.h; path = SVGDefsElement.h; sourceTree = "<group>"; };
		7DF491A61EAA476A005D98C6 /* SVGDescriptionElement.h */ = {isa = PBXFileReference; fileEncoding = 4; lastKnownFileType = sourcecode.c.h; path = SVGDescriptionElement.h; sourceTree = "<group>"; };
		7DF491A71EAA476A005D98C6 /* SVGDocument.h */ = {isa = PBXFileReference; fileEncoding = 4; lastKnownFileType = sourcecode.c.h; path = SVGDocument.h; sourceTree = "<group>"; };
		7DF491A81EAA476A005D98C6 /* SVGDocument_Mutable.h */ = {isa = PBXFileReference; fileEncoding = 4; lastKnownFileType = sourcecode.c.h; path = SVGDocument_Mutable.h; sourceTree = "<group>"; };
		7DF491A91EAA476A005D98C6 /* SVGElement.h */ = {isa = PBXFileReference; fileEncoding = 4; lastKnownFileType = sourcecode.c.h; path = SVGElement.h; sourceTree = "<group>"; };
		7DF491AA1EAA476A005D98C6 /* SVGElement_ForParser.h */ = {isa = PBXFileReference; fileEncoding = 4; lastKnownFileType = sourcecode.c.h; path = SVGElement_ForParser.h; sourceTree = "<group>"; };
		7DF491AB1EAA476A005D98C6 /* SVGElementInstance.h */ = {isa = PBXFileReference; fileEncoding = 4; lastKnownFileType = sourcecode.c.h; path = SVGElementInstance.h; sourceTree = "<group>"; };
		7DF491AC1EAA476A005D98C6 /* SVGElementInstance_Mutable.h */ = {isa = PBXFileReference; fileEncoding = 4; lastKnownFileType = sourcecode.c.h; path = SVGElementInstance_Mutable.h; sourceTree = "<group>"; };
		7DF491AD1EAA476A005D98C6 /* SVGElementInstanceList.h */ = {isa = PBXFileReference; fileEncoding = 4; lastKnownFileType = sourcecode.c.h; path = SVGElementInstanceList.h; sourceTree = "<group>"; };
		7DF491AE1EAA476A005D98C6 /* SVGElementInstanceList_Internal.h */ = {isa = PBXFileReference; fileEncoding = 4; lastKnownFileType = sourcecode.c.h; path = SVGElementInstanceList_Internal.h; sourceTree = "<group>"; };
		7DF491AF1EAA476A005D98C6 /* SVGEllipseElement.h */ = {isa = PBXFileReference; fileEncoding = 4; lastKnownFileType = sourcecode.c.h; path = SVGEllipseElement.h; sourceTree = "<group>"; };
		7DF491B01EAA476A005D98C6 /* SVGFitToViewBox.h */ = {isa = PBXFileReference; fileEncoding = 4; lastKnownFileType = sourcecode.c.h; path = SVGFitToViewBox.h; sourceTree = "<group>"; };
		7DF491B11EAA476A005D98C6 /* SVGGElement.h */ = {isa = PBXFileReference; fileEncoding = 4; lastKnownFileType = sourcecode.c.h; path = SVGGElement.h; sourceTree = "<group>"; };
		7DF491B21EAA476A005D98C6 /* SVGGradientElement.h */ = {isa = PBXFileReference; fileEncoding = 4; lastKnownFileType = sourcecode.c.h; path = SVGGradientElement.h; sourceTree = "<group>"; };
		7DF491B31EAA476A005D98C6 /* SVGGradientLayer.h */ = {isa = PBXFileReference; fileEncoding = 4; lastKnownFileType = sourcecode.c.h; path = SVGGradientLayer.h; sourceTree = "<group>"; };
		7DF491B41EAA476A005D98C6 /* SVGGradientStop.h */ = {isa = PBXFileReference; fileEncoding = 4; lastKnownFileType = sourcecode.c.h; path = SVGGradientStop.h; sourceTree = "<group>"; };
		7DF491B51EAA476A005D98C6 /* SVGGroupElement.h */ = {isa = PBXFileReference; fileEncoding = 4; lastKnownFileType = sourcecode.c.h; path = SVGGroupElement.h; sourceTree = "<group>"; };
		7DF491B61EAA476A005D98C6 /* SVGHelperUtilities.h */ = {isa = PBXFileReference; fileEncoding = 4; lastKnownFileType = sourcecode.c.h; path = SVGHelperUtilities.h; sourceTree = "<group>"; };
		7DF491B71EAA476A005D98C6 /* SVGImageElement.h */ = {isa = PBXFileReference; fileEncoding = 4; lastKnownFileType = sourcecode.c.h; path = SVGImageElement.h; sourceTree = "<group>"; };
		7DF491B81EAA476A005D98C6 /* SVGKExporterNSData.h */ = {isa = PBXFileReference; fileEncoding = 4; lastKnownFileType = sourcecode.c.h; path = SVGKExporterNSData.h; sourceTree = "<group>"; };
		7DF491B91EAA476A005D98C6 /* SVGKExporterUIImage.h */ = {isa = PBXFileReference; fileEncoding = 4; lastKnownFileType = sourcecode.c.h; path = SVGKExporterUIImage.h; sourceTree = "<group>"; };
		7DF491BA1EAA476A005D98C6 /* SVGKFastImageView.h */ = {isa = PBXFileReference; fileEncoding = 4; lastKnownFileType = sourcecode.c.h; path = SVGKFastImageView.h; sourceTree = "<group>"; };
		7DF491BB1EAA476A005D98C6 /* SVGKImage+CGContext.h */ = {isa = PBXFileReference; fileEncoding = 4; lastKnownFileType = sourcecode.c.h; path = "SVGKImage+CGContext.h"; sourceTree = "<group>"; };
		7DF491BC1EAA476A005D98C6 /* SVGKImage.h */ = {isa = PBXFileReference; fileEncoding = 4; lastKnownFileType = sourcecode.c.h; path = SVGKImage.h; sourceTree = "<group>"; };
		7DF491BD1EAA476A005D98C6 /* SVGKImageView.h */ = {isa = PBXFileReference; fileEncoding = 4; lastKnownFileType = sourcecode.c.h; path = SVGKImageView.h; sourceTree = "<group>"; };
		7DF491BE1EAA476A005D98C6 /* SVGKit.h */ = {isa = PBXFileReference; fileEncoding = 4; lastKnownFileType = sourcecode.c.h; path = SVGKit.h; sourceTree = "<group>"; };
		7DF491BF1EAA476A005D98C6 /* SVGKLayer.h */ = {isa = PBXFileReference; fileEncoding = 4; lastKnownFileType = sourcecode.c.h; path = SVGKLayer.h; sourceTree = "<group>"; };
		7DF491C01EAA476A005D98C6 /* SVGKLayeredImageView.h */ = {isa = PBXFileReference; fileEncoding = 4; lastKnownFileType = sourcecode.c.h; path = SVGKLayeredImageView.h; sourceTree = "<group>"; };
		7DF491C11EAA476A005D98C6 /* SVGKParser.h */ = {isa = PBXFileReference; fileEncoding = 4; lastKnownFileType = sourcecode.c.h; path = SVGKParser.h; sourceTree = "<group>"; };
		7DF491C21EAA476A005D98C6 /* SVGKParserDefsAndUse.h */ = {isa = PBXFileReference; fileEncoding = 4; lastKnownFileType = sourcecode.c.h; path = SVGKParserDefsAndUse.h; sourceTree = "<group>"; };
		7DF491C31EAA476A005D98C6 /* SVGKParserDOM.h */ = {isa = PBXFileReference; fileEncoding = 4; lastKnownFileType = sourcecode.c.h; path = SVGKParserDOM.h; sourceTree = "<group>"; };
		7DF491C41EAA476A005D98C6 /* SVGKParseResult.h */ = {isa = PBXFileReference; fileEncoding = 4; lastKnownFileType = sourcecode.c.h; path = SVGKParseResult.h; sourceTree = "<group>"; };
		7DF491C51EAA476A005D98C6 /* SVGKParserExtension.h */ = {isa = PBXFileReference; fileEncoding = 4; lastKnownFileType = sourcecode.c.h; path = SVGKParserExtension.h; sourceTree = "<group>"; };
		7DF491C61EAA476A005D98C6 /* SVGKParserGradient.h */ = {isa = PBXFileReference; fileEncoding = 4; lastKnownFileType = sourcecode.c.h; path = SVGKParserGradient.h; sourceTree = "<group>"; };
		7DF491C71EAA476A005D98C6 /* SVGKParserPatternsAndGradients.h */ = {isa = PBXFileReference; fileEncoding = 4; lastKnownFileType = sourcecode.c.h; path = SVGKParserPatternsAndGradients.h; sourceTree = "<group>"; };
		7DF491C81EAA476A005D98C6 /* SVGKParserStyles.h */ = {isa = PBXFileReference; fileEncoding = 4; lastKnownFileType = sourcecode.c.h; path = SVGKParserStyles.h; sourceTree = "<group>"; };
		7DF491C91EAA476A005D98C6 /* SVGKParserSVG.h */ = {isa = PBXFileReference; fileEncoding = 4; lastKnownFileType = sourcecode.c.h; path = SVGKParserSVG.h; sourceTree = "<group>"; };
		7DF491CA1EAA476A005D98C6 /* SVGKPattern.h */ = {isa = PBXFileReference; fileEncoding = 4; lastKnownFileType = sourcecode.c.h; path = SVGKPattern.h; sourceTree = "<group>"; };
		7DF491CB1EAA476A005D98C6 /* SVGKPointsAndPathsParser.h */ = {isa = PBXFileReference; fileEncoding = 4; lastKnownFileType = sourcecode.c.h; path = SVGKPointsAndPathsParser.h; sourceTree = "<group>"; };
		7DF491CC1EAA476A005D98C6 /* SVGKSource.h */ = {isa = PBXFileReference; fileEncoding = 4; lastKnownFileType = sourcecode.c.h; path = SVGKSource.h; sourceTree = "<group>"; };
		7DF491CD1EAA476A005D98C6 /* SVGKSourceLocalFile.h */ = {isa = PBXFileReference; fileEncoding = 4; lastKnownFileType = sourcecode.c.h; path = SVGKSourceLocalFile.h; sourceTree = "<group>"; };
		7DF491CE1EAA476A005D98C6 /* SVGKSourceNSData.h */ = {isa = PBXFileReference; fileEncoding = 4; lastKnownFileType = sourcecode.c.h; path = SVGKSourceNSData.h; sourceTree = "<group>"; };
		7DF491CF1EAA476A005D98C6 /* SVGKSourceString.h */ = {isa = PBXFileReference; fileEncoding = 4; lastKnownFileType = sourcecode.c.h; path = SVGKSourceString.h; sourceTree = "<group>"; };
		7DF491D01EAA476A005D98C6 /* SVGKSourceURL.h */ = {isa = PBXFileReference; fileEncoding = 4; lastKnownFileType = sourcecode.c.h; path = SVGKSourceURL.h; sourceTree = "<group>"; };
		7DF491D11EAA476A005D98C6 /* SVGLength.h */ = {isa = PBXFileReference; fileEncoding = 4; lastKnownFileType = sourcecode.c.h; path = SVGLength.h; sourceTree = "<group>"; };
		7DF491D21EAA476A005D98C6 /* SVGLineElement.h */ = {isa = PBXFileReference; fileEncoding = 4; lastKnownFileType = sourcecode.c.h; path = SVGLineElement.h; sourceTree = "<group>"; };
		7DF491D31EAA476A005D98C6 /* SVGMatrix.h */ = {isa = PBXFileReference; fileEncoding = 4; lastKnownFileType = sourcecode.c.h; path = SVGMatrix.h; sourceTree = "<group>"; };
		7DF491D41EAA476A005D98C6 /* SVGNumber.h */ = {isa = PBXFileReference; fileEncoding = 4; lastKnownFileType = sourcecode.c.h; path = SVGNumber.h; sourceTree = "<group>"; };
		7DF491D51EAA476A005D98C6 /* SVGPathElement.h */ = {isa = PBXFileReference; fileEncoding = 4; lastKnownFileType = sourcecode.c.h; path = SVGPathElement.h; sourceTree = "<group>"; };
		7DF491D61EAA476A005D98C6 /* SVGPoint.h */ = {isa = PBXFileReference; fileEncoding = 4; lastKnownFileType = sourcecode.c.h; path = SVGPoint.h; sourceTree = "<group>"; };
		7DF491D71EAA476A005D98C6 /* SVGPolygonElement.h */ = {isa = PBXFileReference; fileEncoding = 4; lastKnownFileType = sourcecode.c.h; path = SVGPolygonElement.h; sourceTree = "<group>"; };
		7DF491D81EAA476A005D98C6 /* SVGPolylineElement.h */ = {isa = PBXFileReference; fileEncoding = 4; lastKnownFileType = sourcecode.c.h; path = SVGPolylineElement.h; sourceTree = "<group>"; };
		7DF491D91EAA476A005D98C6 /* SVGPreserveAspectRatio.h */ = {isa = PBXFileReference; fileEncoding = 4; lastKnownFileType = sourcecode.c.h; path = SVGPreserveAspectRatio.h; sourceTree = "<group>"; };
		7DF491DA1EAA476A005D98C6 /* SVGRect.h */ = {isa = PBXFileReference; fileEncoding = 4; lastKnownFileType = sourcecode.c.h; path = SVGRect.h; sourceTree = "<group>"; };
		7DF491DB1EAA476A005D98C6 /* SVGRectElement.h */ = {isa = PBXFileReference; fileEncoding = 4; lastKnownFileType = sourcecode.c.h; path = SVGRectElement.h; sourceTree = "<group>"; };
		7DF491DC1EAA476A005D98C6 /* SVGStylable.h */ = {isa = PBXFileReference; fileEncoding = 4; lastKnownFileType = sourcecode.c.h; path = SVGStylable.h; sourceTree = "<group>"; };
		7DF491DD1EAA476A005D98C6 /* SVGStyleCatcher.h */ = {isa = PBXFileReference; fileEncoding = 4; lastKnownFileType = sourcecode.c.h; path = SVGStyleCatcher.h; sourceTree = "<group>"; };
		7DF491DE1EAA476A005D98C6 /* SVGStyleElement.h */ = {isa = PBXFileReference; fileEncoding = 4; lastKnownFileType = sourcecode.c.h; path = SVGStyleElement.h; sourceTree = "<group>"; };
		7DF491DF1EAA476A005D98C6 /* SVGSVGElement.h */ = {isa = PBXFileReference; fileEncoding = 4; lastKnownFileType = sourcecode.c.h; path = SVGSVGElement.h; sourceTree = "<group>"; };
		7DF491E01EAA476A005D98C6 /* SVGSVGElement_Mutable.h */ = {isa = PBXFileReference; fileEncoding = 4; lastKnownFileType = sourcecode.c.h; path = SVGSVGElement_Mutable.h; sourceTree = "<group>"; };
		7DF491E11EAA476A005D98C6 /* SVGSwitchElement.h */ = {isa = PBXFileReference; fileEncoding = 4; lastKnownFileType = sourcecode.c.h; path = SVGSwitchElement.h; sourceTree = "<group>"; };
		7DF491E21EAA476A005D98C6 /* SVGTextContentElement.h */ = {isa = PBXFileReference; fileEncoding = 4; lastKnownFileType = sourcecode.c.h; path = SVGTextContentElement.h; sourceTree = "<group>"; };
		7DF491E31EAA476A005D98C6 /* SVGTextElement.h */ = {isa = PBXFileReference; fileEncoding = 4; lastKnownFileType = sourcecode.c.h; path = SVGTextElement.h; sourceTree = "<group>"; };
		7DF491E41EAA476A005D98C6 /* SVGTextPositioningElement.h */ = {isa = PBXFileReference; fileEncoding = 4; lastKnownFileType = sourcecode.c.h; path = SVGTextPositioningElement.h; sourceTree = "<group>"; };
		7DF491E51EAA476A005D98C6 /* SVGTextPositioningElement_Mutable.h */ = {isa = PBXFileReference; fileEncoding = 4; lastKnownFileType = sourcecode.c.h; path = SVGTextPositioningElement_Mutable.h; sourceTree = "<group>"; };
		7DF491E61EAA476A005D98C6 /* SVGTitleElement.h */ = {isa = PBXFileReference; fileEncoding = 4; lastKnownFileType = sourcecode.c.h; path = SVGTitleElement.h; sourceTree = "<group>"; };
		7DF491E71EAA476A005D98C6 /* SVGTransform.h */ = {isa = PBXFileReference; fileEncoding = 4; lastKnownFileType = sourcecode.c.h; path = SVGTransform.h; sourceTree = "<group>"; };
		7DF491E81EAA476A005D98C6 /* SVGTransformable.h */ = {isa = PBXFileReference; fileEncoding = 4; lastKnownFileType = sourcecode.c.h; path = SVGTransformable.h; sourceTree = "<group>"; };
		7DF491E91EAA476A005D98C6 /* SVGUnitTypes.h */ = {isa = PBXFileReference; fileEncoding = 4; lastKnownFileType = sourcecode.c.h; path = SVGUnitTypes.h; sourceTree = "<group>"; };
		7DF491EA1EAA476A005D98C6 /* SVGUseElement.h */ = {isa = PBXFileReference; fileEncoding = 4; lastKnownFileType = sourcecode.c.h; path = SVGUseElement.h; sourceTree = "<group>"; };
		7DF491EB1EAA476A005D98C6 /* SVGUseElement_Mutable.h */ = {isa = PBXFileReference; fileEncoding = 4; lastKnownFileType = sourcecode.c.h; path = SVGUseElement_Mutable.h; sourceTree = "<group>"; };
		7DF491EC1EAA476A005D98C6 /* SVGUtils.h */ = {isa = PBXFileReference; fileEncoding = 4; lastKnownFileType = sourcecode.c.h; path = SVGUtils.h; sourceTree = "<group>"; };
		7DF491ED1EAA476A005D98C6 /* SVGViewSpec.h */ = {isa = PBXFileReference; fileEncoding = 4; lastKnownFileType = sourcecode.c.h; path = SVGViewSpec.h; sourceTree = "<group>"; };
		7DF491EE1EAA476A005D98C6 /* Text.h */ = {isa = PBXFileReference; fileEncoding = 4; lastKnownFileType = sourcecode.c.h; path = Text.h; sourceTree = "<group>"; };
		7DF491EF1EAA476A005D98C6 /* TinySVGTextAreaElement.h */ = {isa = PBXFileReference; fileEncoding = 4; lastKnownFileType = sourcecode.c.h; path = TinySVGTextAreaElement.h; sourceTree = "<group>"; };
		899E9C20F625F8C883CA23F5 /* Pods____.framework */ = {isa = PBXFileReference; explicitFileType = wrapper.framework; includeInIndex = 0; path = "Pods____.framework"; sourceTree = BUILT_PRODUCTS_DIR; };
		8B2051EE1EAF4E2700083C83 /* 非直播-Bridging-Header.h */ = {isa = PBXFileReference; lastKnownFileType = sourcecode.c.h; path = "非直播-Bridging-Header.h"; sourceTree = "<group>"; };
		8B2051F11EAF598500083C83 /* AnimationViewController.swift */ = {isa = PBXFileReference; fileEncoding = 4; lastKnownFileType = sourcecode.swift; path = AnimationViewController.swift; sourceTree = "<group>"; };
		8B798A091EA87AE4003B37FA /* 个人.svg */ = {isa = PBXFileReference; fileEncoding = 4; lastKnownFileType = text.xml; path = "个人.svg"; sourceTree = "<group>"; };
		8BEB9D7B1EA9E93E00BAEFC7 /* CustomTabBar.h */ = {isa = PBXFileReference; fileEncoding = 4; lastKnownFileType = sourcecode.c.h; path = CustomTabBar.h; sourceTree = "<group>"; };
		8BEB9D7C1EA9E93E00BAEFC7 /* CustomTabBar.m */ = {isa = PBXFileReference; fileEncoding = 4; lastKnownFileType = sourcecode.c.objc; path = CustomTabBar.m; sourceTree = "<group>"; };
		8BEB9D7E1EA9F9F800BAEFC7 /* UIView+Frame.h */ = {isa = PBXFileReference; fileEncoding = 4; lastKnownFileType = sourcecode.c.h; path = "UIView+Frame.h"; sourceTree = "<group>"; };
		8BEB9D7F1EA9F9F800BAEFC7 /* UIView+Frame.m */ = {isa = PBXFileReference; fileEncoding = 4; lastKnownFileType = sourcecode.c.objc; path = "UIView+Frame.m"; sourceTree = "<group>"; };
		8BEB9D9C1EAA0E6200BAEFC7 /* CoreText.framework */ = {isa = PBXFileReference; lastKnownFileType = wrapper.framework; name = CoreText.framework; path = System/Library/Frameworks/CoreText.framework; sourceTree = SDKROOT; };
		8BEB9D9E1EAA0E7100BAEFC7 /* CoreImage.framework */ = {isa = PBXFileReference; lastKnownFileType = wrapper.framework; name = CoreImage.framework; path = System/Library/Frameworks/CoreImage.framework; sourceTree = SDKROOT; };
		8BEB9DA01EAA0E7E00BAEFC7 /* libxml2.tbd */ = {isa = PBXFileReference; lastKnownFileType = "sourcecode.text-based-dylib-definition"; name = libxml2.tbd; path = usr/lib/libxml2.tbd; sourceTree = SDKROOT; };
		8BEB9DA21EAA0E9000BAEFC7 /* QuartzCore.framework */ = {isa = PBXFileReference; lastKnownFileType = wrapper.framework; name = QuartzCore.framework; path = System/Library/Frameworks/QuartzCore.framework; sourceTree = SDKROOT; };
		8BEB9DA51EAA0F0100BAEFC7 /* CocoaLumberjack.framework */ = {isa = PBXFileReference; lastKnownFileType = wrapper.framework; path = CocoaLumberjack.framework; sourceTree = "<group>"; };
		D6E3778D66FEE8A5C8A5F6F4 /* Pods-非直播.debug.xcconfig */ = {isa = PBXFileReference; includeInIndex = 1; lastKnownFileType = text.xcconfig; name = "Pods-非直播.debug.xcconfig"; path = "Pods/Target Support Files/Pods-非直播/Pods-非直播.debug.xcconfig"; sourceTree = "<group>"; };
/* End PBXFileReference section */

/* Begin PBXFrameworksBuildPhase section */
		7DF490A41EA2745D005D98C6 /* Frameworks */ = {
			isa = PBXFrameworksBuildPhase;
			buildActionMask = 2147483647;
			files = (
				8BEB9DA31EAA0E9000BAEFC7 /* QuartzCore.framework in Frameworks */,
				8BEB9DA11EAA0E7E00BAEFC7 /* libxml2.tbd in Frameworks */,
				8BEB9DA71EAA0F1800BAEFC7 /* CocoaLumberjack.framework in Frameworks */,
				8BEB9D9F1EAA0E7100BAEFC7 /* CoreImage.framework in Frameworks */,
				8BEB9D9D1EAA0E6200BAEFC7 /* CoreText.framework in Frameworks */,
				7DF491111EA3C14B005D98C6 /* CoreGraphics.framework in Frameworks */,
				7DF4910F1EA3C140005D98C6 /* VideoToolbox.framework in Frameworks */,
				7DF4910D1EA3C134005D98C6 /* OpenGLES.framework in Frameworks */,
				7DF491F11EAA476A005D98C6 /* libSVGKit-iOS.2.0.0.a in Frameworks */,
				7DF491151EA3C19C005D98C6 /* IJKMediaFramework.framework in Frameworks */,
				7DF4910B1EA3C129005D98C6 /* MobileCoreServices.framework in Frameworks */,
				7DF491091EA3C118005D98C6 /* MediaPlayer.framework in Frameworks */,
				7DF491071EA3C10A005D98C6 /* libz.tbd in Frameworks */,
				7DF491051EA3C102005D98C6 /* libbz2.tbd in Frameworks */,
				7DF491031EA3C0EE005D98C6 /* CoreVideo.framework in Frameworks */,
				8BEB9DA61EAA0F0100BAEFC7 /* CocoaLumberjack.framework in Frameworks */,
				7DF491011EA3C0E4005D98C6 /* CoreMedia.framework in Frameworks */,
				7DF490FF1EA3C0DC005D98C6 /* AVFoundation.framework in Frameworks */,
				7DF490FD1EA3C0D4005D98C6 /* AudioToolbox.framework in Frameworks */,
				59164529C1AFF96260FD8F4E /* Pods____.framework in Frameworks */,
			);
			runOnlyForDeploymentPostprocessing = 0;
		};
		7DF490BD1EA2745D005D98C6 /* Frameworks */ = {
			isa = PBXFrameworksBuildPhase;
			buildActionMask = 2147483647;
			files = (
			);
			runOnlyForDeploymentPostprocessing = 0;
		};
		7DF490C81EA2745D005D98C6 /* Frameworks */ = {
			isa = PBXFrameworksBuildPhase;
			buildActionMask = 2147483647;
			files = (
			);
			runOnlyForDeploymentPostprocessing = 0;
		};
/* End PBXFrameworksBuildPhase section */

/* Begin PBXGroup section */
		0E139C50E994B7652034D4AB /* Pods */ = {
			isa = PBXGroup;
			children = (
				D6E3778D66FEE8A5C8A5F6F4 /* Pods-非直播.debug.xcconfig */,
				50CDBFB149448613C0065ADA /* Pods-非直播.release.xcconfig */,
			);
			name = Pods;
			sourceTree = "<group>";
		};
		7DF4909E1EA2745D005D98C6 = {
			isa = PBXGroup;
			children = (
				7DF490A91EA2745D005D98C6 /* 非直播 */,
				7DF490C31EA2745D005D98C6 /* 非直播Tests */,
				7DF490CE1EA2745D005D98C6 /* 非直播UITests */,
				7DF490A81EA2745D005D98C6 /* Products */,
				7DF490FB1EA3C0D3005D98C6 /* Frameworks */,
				0E139C50E994B7652034D4AB /* Pods */,
			);
			sourceTree = "<group>";
		};
		7DF490A81EA2745D005D98C6 /* Products */ = {
			isa = PBXGroup;
			children = (
				7DF490A71EA2745D005D98C6 /* 非直播.app */,
				7DF490C01EA2745D005D98C6 /* 非直播Tests.xctest */,
				7DF490CB1EA2745D005D98C6 /* 非直播UITests.xctest */,
			);
			name = Products;
			sourceTree = "<group>";
		};
		7DF490A91EA2745D005D98C6 /* 非直播 */ = {
			isa = PBXGroup;
			children = (
				8BEB9D991EAA0E0300BAEFC7 /* Vender */,
				8BB8C35A1EA6205200C81373 /* View */,
				7DF491191EA50A25005D98C6 /* Base */,
				7DF490AD1EA2745D005D98C6 /* AppDelegate.h */,
				7DF490AE1EA2745D005D98C6 /* AppDelegate.m */,
				7DF490B01EA2745D005D98C6 /* ViewController.h */,
				7DF490B11EA2745D005D98C6 /* ViewController.m */,
				7DF491231EA51240005D98C6 /* VideosViewController.h */,
				7DF491241EA51240005D98C6 /* VideosViewController.m */,
				7DF491161EA50A11005D98C6 /* CaptureVideosViewController.h */,
				7DF491171EA50A11005D98C6 /* CaptureVideosViewController.m */,
				7DF490B31EA2745D005D98C6 /* Main.storyboard */,
				8B798A091EA87AE4003B37FA /* 个人.svg */,
				7DF490B61EA2745D005D98C6 /* Assets.xcassets */,
				7DF490B81EA2745D005D98C6 /* LaunchScreen.storyboard */,
				7DF490BB1EA2745D005D98C6 /* Info.plist */,
				7DF490AA1EA2745D005D98C6 /* Supporting Files */,
				8BEB9D7E1EA9F9F800BAEFC7 /* UIView+Frame.h */,
				8BEB9D7F1EA9F9F800BAEFC7 /* UIView+Frame.m */,
			);
			path = "非直播";
			sourceTree = "<group>";
		};
		7DF490AA1EA2745D005D98C6 /* Supporting Files */ = {
			isa = PBXGroup;
			children = (
				7DF490AB1EA2745D005D98C6 /* main.m */,
			);
			name = "Supporting Files";
			sourceTree = "<group>";
		};
		7DF490C31EA2745D005D98C6 /* 非直播Tests */ = {
			isa = PBXGroup;
			children = (
				7DF490C41EA2745D005D98C6 /* ___Tests.m */,
				7DF490C61EA2745D005D98C6 /* Info.plist */,
			);
			path = "非直播Tests";
			sourceTree = "<group>";
		};
		7DF490CE1EA2745D005D98C6 /* 非直播UITests */ = {
			isa = PBXGroup;
			children = (
				7DF490CF1EA2745D005D98C6 /* ___UITests.m */,
				7DF490D11EA2745D005D98C6 /* Info.plist */,
			);
			path = "非直播UITests";
			sourceTree = "<group>";
		};
		7DF490FB1EA3C0D3005D98C6 /* Frameworks */ = {
			isa = PBXGroup;
			children = (
				8BEB9DA51EAA0F0100BAEFC7 /* CocoaLumberjack.framework */,
				8BEB9DA21EAA0E9000BAEFC7 /* QuartzCore.framework */,
				8BEB9DA01EAA0E7E00BAEFC7 /* libxml2.tbd */,
				8BEB9D9E1EAA0E7100BAEFC7 /* CoreImage.framework */,
				8BEB9D9C1EAA0E6200BAEFC7 /* CoreText.framework */,
				7DF491141EA3C19C005D98C6 /* IJKMediaFramework.framework */,
				7DF491101EA3C14B005D98C6 /* CoreGraphics.framework */,
				7DF4910E1EA3C140005D98C6 /* VideoToolbox.framework */,
				7DF4910C1EA3C134005D98C6 /* OpenGLES.framework */,
				7DF4910A1EA3C129005D98C6 /* MobileCoreServices.framework */,
				7DF491081EA3C118005D98C6 /* MediaPlayer.framework */,
				7DF491061EA3C10A005D98C6 /* libz.tbd */,
				7DF491041EA3C102005D98C6 /* libbz2.tbd */,
				7DF491021EA3C0EE005D98C6 /* CoreVideo.framework */,
				7DF491001EA3C0E4005D98C6 /* CoreMedia.framework */,
				7DF490FE1EA3C0DC005D98C6 /* AVFoundation.framework */,
				7DF490FC1EA3C0D4005D98C6 /* AudioToolbox.framework */,
				899E9C20F625F8C883CA23F5 /* Pods____.framework */,
			);
			name = Frameworks;
			sourceTree = "<group>";
		};
		7DF491191EA50A25005D98C6 /* Base */ = {
			isa = PBXGroup;
			children = (
				7DF4911A1EA50A4D005D98C6 /* BaseTabbarViewController.h */,
				7DF4911B1EA50A4D005D98C6 /* BaseTabbarViewController.m */,
				7DF4911D1EA50AE9005D98C6 /* CaptureVideosNavigationController.h */,
				7DF4911E1EA50AE9005D98C6 /* CaptureVideosNavigationController.m */,
				7DF491201EA511F9005D98C6 /* VideosNavigationController.h */,
				7DF491211EA511F9005D98C6 /* VideosNavigationController.m */,
				8B2051EE1EAF4E2700083C83 /* 非直播-Bridging-Header.h */,
				8B2051F11EAF598500083C83 /* AnimationViewController.swift */,
			);
			name = Base;
			sourceTree = "<group>";
		};
		7DF4916D1EAA476A005D98C6 /* usr */ = {
			isa = PBXGroup;
			children = (
				7DF4916E1EAA476A005D98C6 /* local */,
			);
			path = usr;
			sourceTree = "<group>";
		};
		7DF4916E1EAA476A005D98C6 /* local */ = {
			isa = PBXGroup;
			children = (
				7DF4916F1EAA476A005D98C6 /* include */,
			);
			path = local;
			sourceTree = "<group>";
		};
		7DF4916F1EAA476A005D98C6 /* include */ = {
			isa = PBXGroup;
			children = (
				7DF491701EAA476A005D98C6 /* AppleSucksDOMImplementation.h */,
				7DF491711EAA476A005D98C6 /* Attr.h */,
				7DF491721EAA476A005D98C6 /* BaseClassForAllSVGBasicShapes.h */,
				7DF491731EAA476A005D98C6 /* BaseClassForAllSVGBasicShapes_ForSubclasses.h */,
				7DF491741EAA476A005D98C6 /* CALayer+RecursiveClone.h */,
				7DF491751EAA476A005D98C6 /* CALayerExporter.h */,
				7DF491761EAA476A005D98C6 /* CALayerWithChildHitTest.h */,
				7DF491771EAA476A005D98C6 /* CALayerWithClipRender.h */,
				7DF491781EAA476A005D98C6 /* CAShapeLayerWithClipRender.h */,
				7DF491791EAA476A005D98C6 /* CAShapeLayerWithHitTest.h */,
				7DF4917A1EAA476A005D98C6 /* CDATASection.h */,
				7DF4917B1EAA476A005D98C6 /* CGPathAdditions.h */,
				7DF4917C1EAA476A005D98C6 /* CharacterData.h */,
				7DF4917D1EAA476A005D98C6 /* Comment.h */,
				7DF4917E1EAA476A005D98C6 /* ConverterSVGToCALayer.h */,
				7DF4917F1EAA476A005D98C6 /* CSSPrimitiveValue.h */,
				7DF491801EAA476A005D98C6 /* CSSPrimitiveValue_ConfigurablePixelsPerInch.h */,
				7DF491811EAA476A005D98C6 /* CSSRule.h */,
				7DF491821EAA476A005D98C6 /* CSSRuleList+Mutable.h */,
				7DF491831EAA476A005D98C6 /* CSSRuleList.h */,
				7DF491841EAA476A005D98C6 /* CSSStyleDeclaration.h */,
				7DF491851EAA476A005D98C6 /* CSSStyleRule.h */,
				7DF491861EAA476A005D98C6 /* CSSStyleSheet.h */,
				7DF491871EAA476A005D98C6 /* CSSValue.h */,
				7DF491881EAA476A005D98C6 /* CSSValue_ForSubclasses.h */,
				7DF491891EAA476A005D98C6 /* CSSValueList.h */,
				7DF4918A1EAA476A005D98C6 /* Document+Mutable.h */,
				7DF4918B1EAA476A005D98C6 /* Document.h */,
				7DF4918C1EAA476A005D98C6 /* DocumentCSS.h */,
				7DF4918D1EAA476A005D98C6 /* DocumentFragment.h */,
				7DF4918E1EAA476A005D98C6 /* DocumentStyle.h */,
				7DF4918F1EAA476A005D98C6 /* DocumentType.h */,
				7DF491901EAA476A005D98C6 /* DOMGlobalSettings.h */,
				7DF491911EAA476A005D98C6 /* DOMHelperUtilities.h */,
				7DF491921EAA476A005D98C6 /* Element.h */,
				7DF491931EAA476A005D98C6 /* EntityReference.h */,
				7DF491941EAA476A005D98C6 /* MediaList.h */,
				7DF491951EAA476A005D98C6 /* NamedNodeMap.h */,
				7DF491961EAA476A005D98C6 /* NamedNodeMap_Iterable.h */,
				7DF491971EAA476A005D98C6 /* Node+Mutable.h */,
				7DF491981EAA476A005D98C6 /* Node.h */,
				7DF491991EAA476A005D98C6 /* NodeList+Mutable.h */,
				7DF4919A1EAA476A005D98C6 /* NodeList.h */,
				7DF4919B1EAA476A005D98C6 /* NSCharacterSet+SVGKExtensions.h */,
				7DF4919C1EAA476A005D98C6 /* NSData+NSInputStream.h */,
				7DF4919D1EAA476A005D98C6 /* ProcessingInstruction.h */,
				7DF4919E1EAA476A005D98C6 /* StyleSheet.h */,
				7DF4919F1EAA476A005D98C6 /* StyleSheetList+Mutable.h */,
				7DF491A01EAA476A005D98C6 /* StyleSheetList.h */,
				7DF491A11EAA476A005D98C6 /* SVGAngle.h */,
				7DF491A21EAA476A005D98C6 /* SVGAnimatedPreserveAspectRatio.h */,
				7DF491A31EAA476A005D98C6 /* SVGCircleElement.h */,
				7DF491A41EAA476A005D98C6 /* SVGClipPathElement.h */,
				7DF491A51EAA476A005D98C6 /* SVGDefsElement.h */,
				7DF491A61EAA476A005D98C6 /* SVGDescriptionElement.h */,
				7DF491A71EAA476A005D98C6 /* SVGDocument.h */,
				7DF491A81EAA476A005D98C6 /* SVGDocument_Mutable.h */,
				7DF491A91EAA476A005D98C6 /* SVGElement.h */,
				7DF491AA1EAA476A005D98C6 /* SVGElement_ForParser.h */,
				7DF491AB1EAA476A005D98C6 /* SVGElementInstance.h */,
				7DF491AC1EAA476A005D98C6 /* SVGElementInstance_Mutable.h */,
				7DF491AD1EAA476A005D98C6 /* SVGElementInstanceList.h */,
				7DF491AE1EAA476A005D98C6 /* SVGElementInstanceList_Internal.h */,
				7DF491AF1EAA476A005D98C6 /* SVGEllipseElement.h */,
				7DF491B01EAA476A005D98C6 /* SVGFitToViewBox.h */,
				7DF491B11EAA476A005D98C6 /* SVGGElement.h */,
				7DF491B21EAA476A005D98C6 /* SVGGradientElement.h */,
				7DF491B31EAA476A005D98C6 /* SVGGradientLayer.h */,
				7DF491B41EAA476A005D98C6 /* SVGGradientStop.h */,
				7DF491B51EAA476A005D98C6 /* SVGGroupElement.h */,
				7DF491B61EAA476A005D98C6 /* SVGHelperUtilities.h */,
				7DF491B71EAA476A005D98C6 /* SVGImageElement.h */,
				7DF491B81EAA476A005D98C6 /* SVGKExporterNSData.h */,
				7DF491B91EAA476A005D98C6 /* SVGKExporterUIImage.h */,
				7DF491BA1EAA476A005D98C6 /* SVGKFastImageView.h */,
				7DF491BB1EAA476A005D98C6 /* SVGKImage+CGContext.h */,
				7DF491BC1EAA476A005D98C6 /* SVGKImage.h */,
				7DF491BD1EAA476A005D98C6 /* SVGKImageView.h */,
				7DF491BE1EAA476A005D98C6 /* SVGKit.h */,
				7DF491BF1EAA476A005D98C6 /* SVGKLayer.h */,
				7DF491C01EAA476A005D98C6 /* SVGKLayeredImageView.h */,
				7DF491C11EAA476A005D98C6 /* SVGKParser.h */,
				7DF491C21EAA476A005D98C6 /* SVGKParserDefsAndUse.h */,
				7DF491C31EAA476A005D98C6 /* SVGKParserDOM.h */,
				7DF491C41EAA476A005D98C6 /* SVGKParseResult.h */,
				7DF491C51EAA476A005D98C6 /* SVGKParserExtension.h */,
				7DF491C61EAA476A005D98C6 /* SVGKParserGradient.h */,
				7DF491C71EAA476A005D98C6 /* SVGKParserPatternsAndGradients.h */,
				7DF491C81EAA476A005D98C6 /* SVGKParserStyles.h */,
				7DF491C91EAA476A005D98C6 /* SVGKParserSVG.h */,
				7DF491CA1EAA476A005D98C6 /* SVGKPattern.h */,
				7DF491CB1EAA476A005D98C6 /* SVGKPointsAndPathsParser.h */,
				7DF491CC1EAA476A005D98C6 /* SVGKSource.h */,
				7DF491CD1EAA476A005D98C6 /* SVGKSourceLocalFile.h */,
				7DF491CE1EAA476A005D98C6 /* SVGKSourceNSData.h */,
				7DF491CF1EAA476A005D98C6 /* SVGKSourceString.h */,
				7DF491D01EAA476A005D98C6 /* SVGKSourceURL.h */,
				7DF491D11EAA476A005D98C6 /* SVGLength.h */,
				7DF491D21EAA476A005D98C6 /* SVGLineElement.h */,
				7DF491D31EAA476A005D98C6 /* SVGMatrix.h */,
				7DF491D41EAA476A005D98C6 /* SVGNumber.h */,
				7DF491D51EAA476A005D98C6 /* SVGPathElement.h */,
				7DF491D61EAA476A005D98C6 /* SVGPoint.h */,
				7DF491D71EAA476A005D98C6 /* SVGPolygonElement.h */,
				7DF491D81EAA476A005D98C6 /* SVGPolylineElement.h */,
				7DF491D91EAA476A005D98C6 /* SVGPreserveAspectRatio.h */,
				7DF491DA1EAA476A005D98C6 /* SVGRect.h */,
				7DF491DB1EAA476A005D98C6 /* SVGRectElement.h */,
				7DF491DC1EAA476A005D98C6 /* SVGStylable.h */,
				7DF491DD1EAA476A005D98C6 /* SVGStyleCatcher.h */,
				7DF491DE1EAA476A005D98C6 /* SVGStyleElement.h */,
				7DF491DF1EAA476A005D98C6 /* SVGSVGElement.h */,
				7DF491E01EAA476A005D98C6 /* SVGSVGElement_Mutable.h */,
				7DF491E11EAA476A005D98C6 /* SVGSwitchElement.h */,
				7DF491E21EAA476A005D98C6 /* SVGTextContentElement.h */,
				7DF491E31EAA476A005D98C6 /* SVGTextElement.h */,
				7DF491E41EAA476A005D98C6 /* SVGTextPositioningElement.h */,
				7DF491E51EAA476A005D98C6 /* SVGTextPositioningElement_Mutable.h */,
				7DF491E61EAA476A005D98C6 /* SVGTitleElement.h */,
				7DF491E71EAA476A005D98C6 /* SVGTransform.h */,
				7DF491E81EAA476A005D98C6 /* SVGTransformable.h */,
				7DF491E91EAA476A005D98C6 /* SVGUnitTypes.h */,
				7DF491EA1EAA476A005D98C6 /* SVGUseElement.h */,
				7DF491EB1EAA476A005D98C6 /* SVGUseElement_Mutable.h */,
				7DF491EC1EAA476A005D98C6 /* SVGUtils.h */,
				7DF491ED1EAA476A005D98C6 /* SVGViewSpec.h */,
				7DF491EE1EAA476A005D98C6 /* Text.h */,
				7DF491EF1EAA476A005D98C6 /* TinySVGTextAreaElement.h */,
			);
			path = include;
			sourceTree = "<group>";
		};
		8BB8C35A1EA6205200C81373 /* View */ = {
			isa = PBXGroup;
			children = (
				8BEB9D7B1EA9E93E00BAEFC7 /* CustomTabBar.h */,
				8BEB9D7C1EA9E93E00BAEFC7 /* CustomTabBar.m */,
			);
			name = View;
			sourceTree = "<group>";
		};
		8BEB9D991EAA0E0300BAEFC7 /* Vender */ = {
			isa = PBXGroup;
			children = (
				7DF4916C1EAA476A005D98C6 /* libSVGKit-iOS.2.0.0.a */,
				7DF4916D1EAA476A005D98C6 /* usr */,
			);
			name = Vender;
			sourceTree = "<group>";
		};
/* End PBXGroup section */

/* Begin PBXNativeTarget section */
		7DF490A61EA2745D005D98C6 /* 非直播 */ = {
			isa = PBXNativeTarget;
			buildConfigurationList = 7DF490D41EA2745D005D98C6 /* Build configuration list for PBXNativeTarget "非直播" */;
			buildPhases = (
				2CDD43F03BB7D90368CF5ADA /* [CP] Check Pods Manifest.lock */,
				7DF490A31EA2745D005D98C6 /* Sources */,
				7DF490A41EA2745D005D98C6 /* Frameworks */,
				7DF490A51EA2745D005D98C6 /* Resources */,
				08DD9B2B64CD54DCD877353E /* [CP] Embed Pods Frameworks */,
				DA5223DB2FD75B316A743957 /* [CP] Copy Pods Resources */,
				8B798A081EA7754C003B37FA /* ShellScript */,
				8BEB9DA91EAA0F1800BAEFC7 /* Embed Frameworks */,
			);
			buildRules = (
			);
			dependencies = (
			);
			name = "非直播";
			productName = "非直播";
			productReference = 7DF490A71EA2745D005D98C6 /* 非直播.app */;
			productType = "com.apple.product-type.application";
		};
		7DF490BF1EA2745D005D98C6 /* 非直播Tests */ = {
			isa = PBXNativeTarget;
			buildConfigurationList = 7DF490D71EA2745D005D98C6 /* Build configuration list for PBXNativeTarget "非直播Tests" */;
			buildPhases = (
				7DF490BC1EA2745D005D98C6 /* Sources */,
				7DF490BD1EA2745D005D98C6 /* Frameworks */,
				7DF490BE1EA2745D005D98C6 /* Resources */,
			);
			buildRules = (
			);
			dependencies = (
				7DF490C21EA2745D005D98C6 /* PBXTargetDependency */,
			);
			name = "非直播Tests";
			productName = "非直播Tests";
			productReference = 7DF490C01EA2745D005D98C6 /* 非直播Tests.xctest */;
			productType = "com.apple.product-type.bundle.unit-test";
		};
		7DF490CA1EA2745D005D98C6 /* 非直播UITests */ = {
			isa = PBXNativeTarget;
			buildConfigurationList = 7DF490DA1EA2745D005D98C6 /* Build configuration list for PBXNativeTarget "非直播UITests" */;
			buildPhases = (
				7DF490C71EA2745D005D98C6 /* Sources */,
				7DF490C81EA2745D005D98C6 /* Frameworks */,
				7DF490C91EA2745D005D98C6 /* Resources */,
			);
			buildRules = (
			);
			dependencies = (
				7DF490CD1EA2745D005D98C6 /* PBXTargetDependency */,
			);
			name = "非直播UITests";
			productName = "非直播UITests";
			productReference = 7DF490CB1EA2745D005D98C6 /* 非直播UITests.xctest */;
			productType = "com.apple.product-type.bundle.ui-testing";
		};
/* End PBXNativeTarget section */

/* Begin PBXProject section */
		7DF4909F1EA2745D005D98C6 /* Project object */ = {
			isa = PBXProject;
			attributes = {
				LastUpgradeCheck = 0830;
				ORGANIZATIONNAME = klone;
				TargetAttributes = {
					7DF490A61EA2745D005D98C6 = {
						CreatedOnToolsVersion = 8.3.1;
						DevelopmentTeam = TBSUACPT52;
						LastSwiftMigration = 0830;
						ProvisioningStyle = Automatic;
					};
					7DF490BF1EA2745D005D98C6 = {
						CreatedOnToolsVersion = 8.3.1;
						DevelopmentTeam = TBSUACPT52;
						ProvisioningStyle = Automatic;
						TestTargetID = 7DF490A61EA2745D005D98C6;
					};
					7DF490CA1EA2745D005D98C6 = {
						CreatedOnToolsVersion = 8.3.1;
						DevelopmentTeam = TBSUACPT52;
						ProvisioningStyle = Automatic;
						TestTargetID = 7DF490A61EA2745D005D98C6;
					};
				};
			};
			buildConfigurationList = 7DF490A21EA2745D005D98C6 /* Build configuration list for PBXProject "非直播" */;
			compatibilityVersion = "Xcode 3.2";
			developmentRegion = English;
			hasScannedForEncodings = 0;
			knownRegions = (
				en,
				Base,
			);
			mainGroup = 7DF4909E1EA2745D005D98C6;
			productRefGroup = 7DF490A81EA2745D005D98C6 /* Products */;
			projectDirPath = "";
			projectRoot = "";
			targets = (
				7DF490A61EA2745D005D98C6 /* 非直播 */,
				7DF490BF1EA2745D005D98C6 /* 非直播Tests */,
				7DF490CA1EA2745D005D98C6 /* 非直播UITests */,
			);
		};
/* End PBXProject section */

/* Begin PBXResourcesBuildPhase section */
		7DF490A51EA2745D005D98C6 /* Resources */ = {
			isa = PBXResourcesBuildPhase;
			buildActionMask = 2147483647;
			files = (
				8B798A0A1EA87AE4003B37FA /* 个人.svg in Resources */,
				7DF490BA1EA2745D005D98C6 /* LaunchScreen.storyboard in Resources */,
				7DF490B71EA2745D005D98C6 /* Assets.xcassets in Resources */,
				7DF490B51EA2745D005D98C6 /* Main.storyboard in Resources */,
			);
			runOnlyForDeploymentPostprocessing = 0;
		};
		7DF490BE1EA2745D005D98C6 /* Resources */ = {
			isa = PBXResourcesBuildPhase;
			buildActionMask = 2147483647;
			files = (
			);
			runOnlyForDeploymentPostprocessing = 0;
		};
		7DF490C91EA2745D005D98C6 /* Resources */ = {
			isa = PBXResourcesBuildPhase;
			buildActionMask = 2147483647;
			files = (
			);
			runOnlyForDeploymentPostprocessing = 0;
		};
/* End PBXResourcesBuildPhase section */

/* Begin PBXShellScriptBuildPhase section */
		08DD9B2B64CD54DCD877353E /* [CP] Embed Pods Frameworks */ = {
			isa = PBXShellScriptBuildPhase;
			buildActionMask = 2147483647;
			files = (
			);
			inputPaths = (
			);
			name = "[CP] Embed Pods Frameworks";
			outputPaths = (
			);
			runOnlyForDeploymentPostprocessing = 0;
			shellPath = /bin/sh;
			shellScript = "\"${SRCROOT}/Pods/Target Support Files/Pods-非直播/Pods-非直播-frameworks.sh\"\n";
			showEnvVarsInLog = 0;
		};
		2CDD43F03BB7D90368CF5ADA /* [CP] Check Pods Manifest.lock */ = {
			isa = PBXShellScriptBuildPhase;
			buildActionMask = 2147483647;
			files = (
			);
			inputPaths = (
			);
			name = "[CP] Check Pods Manifest.lock";
			outputPaths = (
			);
			runOnlyForDeploymentPostprocessing = 0;
			shellPath = /bin/sh;
			shellScript = "diff \"${PODS_PODFILE_DIR_PATH}/Podfile.lock\" \"${PODS_ROOT}/Manifest.lock\" > /dev/null\nif [ $? != 0 ] ; then\n    # print error to STDERR\n    echo \"error: The sandbox is not in sync with the Podfile.lock. Run 'pod install' or update your CocoaPods installation.\" >&2\n    exit 1\nfi\n";
			showEnvVarsInLog = 0;
		};
		8B798A081EA7754C003B37FA /* ShellScript */ = {
			isa = PBXShellScriptBuildPhase;
			buildActionMask = 2147483647;
			files = (
			);
			inputPaths = (
			);
			outputPaths = (
			);
			runOnlyForDeploymentPostprocessing = 0;
			shellPath = /bin/sh;
			shellScript = "TAGS=\"TODO:|FIXME:\"\necho \"searching ${SRCROOT} for ${TAGS}\"\nfind \"${SRCROOT}\" \\( -name \"*.h\" -or -name \"*.m\" \\) -print0 | xargs -0 egrep --with-filename --line-number --only-matching \"($TAGS).*\\$\" | perl -p -e \"s/($TAGS)/ warning: \\$1/\"";
		};
		DA5223DB2FD75B316A743957 /* [CP] Copy Pods Resources */ = {
			isa = PBXShellScriptBuildPhase;
			buildActionMask = 2147483647;
			files = (
			);
			inputPaths = (
			);
			name = "[CP] Copy Pods Resources";
			outputPaths = (
			);
			runOnlyForDeploymentPostprocessing = 0;
			shellPath = /bin/sh;
			shellScript = "\"${SRCROOT}/Pods/Target Support Files/Pods-非直播/Pods-非直播-resources.sh\"\n";
			showEnvVarsInLog = 0;
		};
/* End PBXShellScriptBuildPhase section */

/* Begin PBXSourcesBuildPhase section */
		7DF490A31EA2745D005D98C6 /* Sources */ = {
			isa = PBXSourcesBuildPhase;
			buildActionMask = 2147483647;
			files = (
				7DF490B21EA2745D005D98C6 /* ViewController.m in Sources */,
				7DF491221EA511F9005D98C6 /* VideosNavigationController.m in Sources */,
				8B2051F21EAF598500083C83 /* AnimationViewController.swift in Sources */,
				7DF491251EA51240005D98C6 /* VideosViewController.m in Sources */,
				7DF491181EA50A11005D98C6 /* CaptureVideosViewController.m in Sources */,
				7DF4911C1EA50A4D005D98C6 /* BaseTabbarViewController.m in Sources */,
				8BEB9D7D1EA9E93E00BAEFC7 /* CustomTabBar.m in Sources */,
				7DF490AF1EA2745D005D98C6 /* AppDelegate.m in Sources */,
				7DF4911F1EA50AE9005D98C6 /* CaptureVideosNavigationController.m in Sources */,
				8BEB9D801EA9F9F800BAEFC7 /* UIView+Frame.m in Sources */,
				7DF490AC1EA2745D005D98C6 /* main.m in Sources */,
			);
			runOnlyForDeploymentPostprocessing = 0;
		};
		7DF490BC1EA2745D005D98C6 /* Sources */ = {
			isa = PBXSourcesBuildPhase;
			buildActionMask = 2147483647;
			files = (
				7DF490C51EA2745D005D98C6 /* ___Tests.m in Sources */,
			);
			runOnlyForDeploymentPostprocessing = 0;
		};
		7DF490C71EA2745D005D98C6 /* Sources */ = {
			isa = PBXSourcesBuildPhase;
			buildActionMask = 2147483647;
			files = (
				7DF490D01EA2745D005D98C6 /* ___UITests.m in Sources */,
			);
			runOnlyForDeploymentPostprocessing = 0;
		};
/* End PBXSourcesBuildPhase section */

/* Begin PBXTargetDependency section */
		7DF490C21EA2745D005D98C6 /* PBXTargetDependency */ = {
			isa = PBXTargetDependency;
			target = 7DF490A61EA2745D005D98C6 /* 非直播 */;
			targetProxy = 7DF490C11EA2745D005D98C6 /* PBXContainerItemProxy */;
		};
		7DF490CD1EA2745D005D98C6 /* PBXTargetDependency */ = {
			isa = PBXTargetDependency;
			target = 7DF490A61EA2745D005D98C6 /* 非直播 */;
			targetProxy = 7DF490CC1EA2745D005D98C6 /* PBXContainerItemProxy */;
		};
/* End PBXTargetDependency section */

/* Begin PBXVariantGroup section */
		7DF490B31EA2745D005D98C6 /* Main.storyboard */ = {
			isa = PBXVariantGroup;
			children = (
				7DF490B41EA2745D005D98C6 /* Base */,
			);
			name = Main.storyboard;
			sourceTree = "<group>";
		};
		7DF490B81EA2745D005D98C6 /* LaunchScreen.storyboard */ = {
			isa = PBXVariantGroup;
			children = (
				7DF490B91EA2745D005D98C6 /* Base */,
			);
			name = LaunchScreen.storyboard;
			sourceTree = "<group>";
		};
/* End PBXVariantGroup section */

/* Begin XCBuildConfiguration section */
		7DF490D21EA2745D005D98C6 /* Debug */ = {
			isa = XCBuildConfiguration;
			buildSettings = {
				ALWAYS_SEARCH_USER_PATHS = NO;
				CLANG_ANALYZER_NONNULL = YES;
				CLANG_ANALYZER_NUMBER_OBJECT_CONVERSION = YES_AGGRESSIVE;
				CLANG_CXX_LANGUAGE_STANDARD = "gnu++0x";
				CLANG_CXX_LIBRARY = "libc++";
				CLANG_ENABLE_MODULES = YES;
				CLANG_ENABLE_OBJC_ARC = YES;
				CLANG_WARN_BOOL_CONVERSION = YES;
				CLANG_WARN_CONSTANT_CONVERSION = YES;
				CLANG_WARN_DIRECT_OBJC_ISA_USAGE = YES_ERROR;
				CLANG_WARN_DOCUMENTATION_COMMENTS = YES;
				CLANG_WARN_EMPTY_BODY = YES;
				CLANG_WARN_ENUM_CONVERSION = YES;
				CLANG_WARN_INFINITE_RECURSION = YES;
				CLANG_WARN_INT_CONVERSION = YES;
				CLANG_WARN_OBJC_ROOT_CLASS = YES_ERROR;
				CLANG_WARN_SUSPICIOUS_MOVE = YES;
				CLANG_WARN_UNREACHABLE_CODE = YES;
				CLANG_WARN__DUPLICATE_METHOD_MATCH = YES;
				"CODE_SIGN_IDENTITY[sdk=iphoneos*]" = "iPhone Developer";
				COPY_PHASE_STRIP = NO;
				DEBUG_INFORMATION_FORMAT = dwarf;
				ENABLE_STRICT_OBJC_MSGSEND = YES;
				ENABLE_TESTABILITY = YES;
				GCC_C_LANGUAGE_STANDARD = gnu99;
				GCC_DYNAMIC_NO_PIC = NO;
				GCC_NO_COMMON_BLOCKS = YES;
				GCC_OPTIMIZATION_LEVEL = 0;
				GCC_PREPROCESSOR_DEFINITIONS = (
					"DEBUG=1",
					"$(inherited)",
				);
				GCC_WARN_64_TO_32_BIT_CONVERSION = YES;
				GCC_WARN_ABOUT_RETURN_TYPE = YES_ERROR;
				GCC_WARN_UNDECLARED_SELECTOR = YES;
				GCC_WARN_UNINITIALIZED_AUTOS = YES_AGGRESSIVE;
				GCC_WARN_UNUSED_FUNCTION = YES;
				GCC_WARN_UNUSED_VARIABLE = YES;
				IPHONEOS_DEPLOYMENT_TARGET = 10.3;
				MTL_ENABLE_DEBUG_INFO = YES;
				ONLY_ACTIVE_ARCH = YES;
				SDKROOT = iphoneos;
			};
			name = Debug;
		};
		7DF490D31EA2745D005D98C6 /* Release */ = {
			isa = XCBuildConfiguration;
			buildSettings = {
				ALWAYS_SEARCH_USER_PATHS = NO;
				CLANG_ANALYZER_NONNULL = YES;
				CLANG_ANALYZER_NUMBER_OBJECT_CONVERSION = YES_AGGRESSIVE;
				CLANG_CXX_LANGUAGE_STANDARD = "gnu++0x";
				CLANG_CXX_LIBRARY = "libc++";
				CLANG_ENABLE_MODULES = YES;
				CLANG_ENABLE_OBJC_ARC = YES;
				CLANG_WARN_BOOL_CONVERSION = YES;
				CLANG_WARN_CONSTANT_CONVERSION = YES;
				CLANG_WARN_DIRECT_OBJC_ISA_USAGE = YES_ERROR;
				CLANG_WARN_DOCUMENTATION_COMMENTS = YES;
				CLANG_WARN_EMPTY_BODY = YES;
				CLANG_WARN_ENUM_CONVERSION = YES;
				CLANG_WARN_INFINITE_RECURSION = YES;
				CLANG_WARN_INT_CONVERSION = YES;
				CLANG_WARN_OBJC_ROOT_CLASS = YES_ERROR;
				CLANG_WARN_SUSPICIOUS_MOVE = YES;
				CLANG_WARN_UNREACHABLE_CODE = YES;
				CLANG_WARN__DUPLICATE_METHOD_MATCH = YES;
				"CODE_SIGN_IDENTITY[sdk=iphoneos*]" = "iPhone Developer";
				COPY_PHASE_STRIP = NO;
				DEBUG_INFORMATION_FORMAT = "dwarf-with-dsym";
				ENABLE_NS_ASSERTIONS = NO;
				ENABLE_STRICT_OBJC_MSGSEND = YES;
				GCC_C_LANGUAGE_STANDARD = gnu99;
				GCC_NO_COMMON_BLOCKS = YES;
				GCC_WARN_64_TO_32_BIT_CONVERSION = YES;
				GCC_WARN_ABOUT_RETURN_TYPE = YES_ERROR;
				GCC_WARN_UNDECLARED_SELECTOR = YES;
				GCC_WARN_UNINITIALIZED_AUTOS = YES_AGGRESSIVE;
				GCC_WARN_UNUSED_FUNCTION = YES;
				GCC_WARN_UNUSED_VARIABLE = YES;
				IPHONEOS_DEPLOYMENT_TARGET = 10.3;
				MTL_ENABLE_DEBUG_INFO = NO;
				SDKROOT = iphoneos;
				VALIDATE_PRODUCT = YES;
			};
			name = Release;
		};
		7DF490D51EA2745D005D98C6 /* Debug */ = {
			isa = XCBuildConfiguration;
			baseConfigurationReference = D6E3778D66FEE8A5C8A5F6F4 /* Pods-非直播.debug.xcconfig */;
			buildSettings = {
				ASSETCATALOG_COMPILER_APPICON_NAME = AppIcon;
				CLANG_ENABLE_MODULES = YES;
				"CODE_SIGN_IDENTITY[sdk=iphoneos*]" = "iPhone Developer";
				DEFINES_MODULE = YES;
				DEVELOPMENT_TEAM = TBSUACPT52;
				FRAMEWORK_SEARCH_PATHS = (
					"$(inherited)",
					"$(PROJECT_DIR)",
					"$(PROJECT_DIR)/非直播/include/SVGKit-iOS.2.0.0",
				);
				INFOPLIST_FILE = "非直播/Info.plist";
				IPHONEOS_DEPLOYMENT_TARGET = 9.0;
				LD_RUNPATH_SEARCH_PATHS = "$(inherited) @executable_path/Frameworks";
				LIBRARY_SEARCH_PATHS = (
					"$(inherited)",
					"$(PROJECT_DIR)/非直播",
				);
				OTHER_LDFLAGS = (
					"-lc++",
					"$(inherited)",
					"-ObjC",
				);
				PRODUCT_BUNDLE_IDENTIFIER = com.klone.feilive;
				PRODUCT_NAME = "$(TARGET_NAME)";
				PROVISIONING_PROFILE_SPECIFIER = "";
				SWIFT_OBJC_BRIDGING_HEADER = "非直播/非直播-Bridging-Header.h";
				SWIFT_OPTIMIZATION_LEVEL = "-Onone";
				SWIFT_VERSION = 3.0;
			};
			name = Debug;
		};
		7DF490D61EA2745D005D98C6 /* Release */ = {
			isa = XCBuildConfiguration;
			baseConfigurationReference = 50CDBFB149448613C0065ADA /* Pods-非直播.release.xcconfig */;
			buildSettings = {
				ASSETCATALOG_COMPILER_APPICON_NAME = AppIcon;
				CLANG_ENABLE_MODULES = YES;
				"CODE_SIGN_IDENTITY[sdk=iphoneos*]" = "iPhone Developer";
				DEFINES_MODULE = YES;
				DEVELOPMENT_TEAM = TBSUACPT52;
				FRAMEWORK_SEARCH_PATHS = (
					"$(inherited)",
					"$(PROJECT_DIR)",
					"$(PROJECT_DIR)/非直播/include/SVGKit-iOS.2.0.0",
				);
				INFOPLIST_FILE = "非直播/Info.plist";
				IPHONEOS_DEPLOYMENT_TARGET = 9.0;
				LD_RUNPATH_SEARCH_PATHS = "$(inherited) @executable_path/Frameworks";
				LIBRARY_SEARCH_PATHS = (
					"$(inherited)",
					"$(PROJECT_DIR)/非直播",
				);
				OTHER_LDFLAGS = (
					"-lc++",
					"$(inherited)",
					"-ObjC",
				);
				PRODUCT_BUNDLE_IDENTIFIER = com.klone.feilive;
				PRODUCT_NAME = "$(TARGET_NAME)";
				PROVISIONING_PROFILE_SPECIFIER = "";
				SWIFT_OBJC_BRIDGING_HEADER = "非直播/非直播-Bridging-Header.h";
				SWIFT_VERSION = 3.0;
			};
			name = Release;
		};
		7DF490D81EA2745D005D98C6 /* Debug */ = {
			isa = XCBuildConfiguration;
			buildSettings = {
				ALWAYS_EMBED_SWIFT_STANDARD_LIBRARIES = YES;
				BUNDLE_LOADER = "$(TEST_HOST)";
				DEVELOPMENT_TEAM = TBSUACPT52;
				INFOPLIST_FILE = "非直播Tests/Info.plist";
				LD_RUNPATH_SEARCH_PATHS = "$(inherited) @executable_path/Frameworks @loader_path/Frameworks";
				PRODUCT_BUNDLE_IDENTIFIER = "com.klone.---Tests";
				PRODUCT_NAME = "$(TARGET_NAME)";
				TEST_HOST = "$(BUILT_PRODUCTS_DIR)/非直播.app/非直播";
			};
			name = Debug;
		};
		7DF490D91EA2745D005D98C6 /* Release */ = {
			isa = XCBuildConfiguration;
			buildSettings = {
				ALWAYS_EMBED_SWIFT_STANDARD_LIBRARIES = YES;
				BUNDLE_LOADER = "$(TEST_HOST)";
				DEVELOPMENT_TEAM = TBSUACPT52;
				INFOPLIST_FILE = "非直播Tests/Info.plist";
				LD_RUNPATH_SEARCH_PATHS = "$(inherited) @executable_path/Frameworks @loader_path/Frameworks";
				PRODUCT_BUNDLE_IDENTIFIER = "com.klone.---Tests";
				PRODUCT_NAME = "$(TARGET_NAME)";
				TEST_HOST = "$(BUILT_PRODUCTS_DIR)/非直播.app/非直播";
			};
			name = Release;
		};
		7DF490DB1EA2745D005D98C6 /* Debug */ = {
			isa = XCBuildConfiguration;
			buildSettings = {
				ALWAYS_EMBED_SWIFT_STANDARD_LIBRARIES = YES;
				DEVELOPMENT_TEAM = TBSUACPT52;
				INFOPLIST_FILE = "非直播UITests/Info.plist";
				LD_RUNPATH_SEARCH_PATHS = "$(inherited) @executable_path/Frameworks @loader_path/Frameworks";
				PRODUCT_BUNDLE_IDENTIFIER = "com.klone.---UITests";
				PRODUCT_NAME = "$(TARGET_NAME)";
				TEST_TARGET_NAME = "非直播";
			};
			name = Debug;
		};
		7DF490DC1EA2745D005D98C6 /* Release */ = {
			isa = XCBuildConfiguration;
			buildSettings = {
				ALWAYS_EMBED_SWIFT_STANDARD_LIBRARIES = YES;
				DEVELOPMENT_TEAM = TBSUACPT52;
				INFOPLIST_FILE = "非直播UITests/Info.plist";
				LD_RUNPATH_SEARCH_PATHS = "$(inherited) @executable_path/Frameworks @loader_path/Frameworks";
				PRODUCT_BUNDLE_IDENTIFIER = "com.klone.---UITests";
				PRODUCT_NAME = "$(TARGET_NAME)";
				TEST_TARGET_NAME = "非直播";
			};
			name = Release;
		};
/* End XCBuildConfiguration section */

/* Begin XCConfigurationList section */
		7DF490A21EA2745D005D98C6 /* Build configuration list for PBXProject "非直播" */ = {
			isa = XCConfigurationList;
			buildConfigurations = (
				7DF490D21EA2745D005D98C6 /* Debug */,
				7DF490D31EA2745D005D98C6 /* Release */,
			);
			defaultConfigurationIsVisible = 0;
			defaultConfigurationName = Release;
		};
		7DF490D41EA2745D005D98C6 /* Build configuration list for PBXNativeTarget "非直播" */ = {
			isa = XCConfigurationList;
			buildConfigurations = (
				7DF490D51EA2745D005D98C6 /* Debug */,
				7DF490D61EA2745D005D98C6 /* Release */,
			);
			defaultConfigurationIsVisible = 0;
			defaultConfigurationName = Release;
		};
		7DF490D71EA2745D005D98C6 /* Build configuration list for PBXNativeTarget "非直播Tests" */ = {
			isa = XCConfigurationList;
			buildConfigurations = (
				7DF490D81EA2745D005D98C6 /* Debug */,
				7DF490D91EA2745D005D98C6 /* Release */,
			);
			defaultConfigurationIsVisible = 0;
			defaultConfigurationName = Release;
		};
		7DF490DA1EA2745D005D98C6 /* Build configuration list for PBXNativeTarget "非直播UITests" */ = {
			isa = XCConfigurationList;
			buildConfigurations = (
				7DF490DB1EA2745D005D98C6 /* Debug */,
				7DF490DC1EA2745D005D98C6 /* Release */,
			);
			defaultConfigurationIsVisible = 0;
			defaultConfigurationName = Release;
		};
/* End XCConfigurationList section */
	};
	rootObject = 7DF4909F1EA2745D005D98C6 /* Project object */;
}
