// !$*UTF8*$!
{
	archiveVersion = 1;
	classes = {
	};
	objectVersion = 46;
	objects = {

/* Begin PBXBuildFile section */
		7DF490AC1EA2745D005D98C6 /* main.m in Sources */ = {isa = PBXBuildFile; fileRef = 7DF490AB1EA2745D005D98C6 /* main.m */; };
		7DF490AF1EA2745D005D98C6 /* AppDelegate.m in Sources */ = {isa = PBXBuildFile; fileRef = 7DF490AE1EA2745D005D98C6 /* AppDelegate.m */; };
		7DF490B21EA2745D005D98C6 /* ViewController.m in Sources */ = {isa = PBXBuildFile; fileRef = 7DF490B11EA2745D005D98C6 /* ViewController.m */; };
		7DF490B51EA2745D005D98C6 /* Main.storyboard in Resources */ = {isa = PBXBuildFile; fileRef = 7DF490B31EA2745D005D98C6 /* Main.storyboard */; };
		7DF490B71EA2745D005D98C6 /* Assets.xcassets in Resources */ = {isa = PBXBuildFile; fileRef = 7DF490B61EA2745D005D98C6 /* Assets.xcassets */; };
		7DF490BA1EA2745D005D98C6 /* LaunchScreen.storyboard in Resources */ = {isa = PBXBuildFile; fileRef = 7DF490B81EA2745D005D98C6 /* LaunchScreen.storyboard */; };
		7DF490C51EA2745D005D98C6 /* ___Tests.m in Sources */ = {isa = PBXBuildFile; fileRef = 7DF490C41EA2745D005D98C6 /* ___Tests.m */; };
		7DF490D01EA2745D005D98C6 /* ___UITests.m in Sources */ = {isa = PBXBuildFile; fileRef = 7DF490CF1EA2745D005D98C6 /* ___UITests.m */; };
		7DF490FD1EA3C0D4005D98C6 /* AudioToolbox.framework in Frameworks */ = {isa = PBXBuildFile; fileRef = 7DF490FC1EA3C0D4005D98C6 /* AudioToolbox.framework */; };
		7DF490FF1EA3C0DC005D98C6 /* AVFoundation.framework in Frameworks */ = {isa = PBXBuildFile; fileRef = 7DF490FE1EA3C0DC005D98C6 /* AVFoundation.framework */; };
		7DF491011EA3C0E4005D98C6 /* CoreMedia.framework in Frameworks */ = {isa = PBXBuildFile; fileRef = 7DF491001EA3C0E4005D98C6 /* CoreMedia.framework */; };
		7DF491031EA3C0EE005D98C6 /* CoreVideo.framework in Frameworks */ = {isa = PBXBuildFile; fileRef = 7DF491021EA3C0EE005D98C6 /* CoreVideo.framework */; };
		7DF491051EA3C102005D98C6 /* libbz2.tbd in Frameworks */ = {isa = PBXBuildFile; fileRef = 7DF491041EA3C102005D98C6 /* libbz2.tbd */; };
		7DF491071EA3C10A005D98C6 /* libz.tbd in Frameworks */ = {isa = PBXBuildFile; fileRef = 7DF491061EA3C10A005D98C6 /* libz.tbd */; };
		7DF491091EA3C118005D98C6 /* MediaPlayer.framework in Frameworks */ = {isa = PBXBuildFile; fileRef = 7DF491081EA3C118005D98C6 /* MediaPlayer.framework */; };
		7DF4910B1EA3C129005D98C6 /* MobileCoreServices.framework in Frameworks */ = {isa = PBXBuildFile; fileRef = 7DF4910A1EA3C129005D98C6 /* MobileCoreServices.framework */; };
		7DF4910D1EA3C134005D98C6 /* OpenGLES.framework in Frameworks */ = {isa = PBXBuildFile; fileRef = 7DF4910C1EA3C134005D98C6 /* OpenGLES.framework */; };
		7DF4910F1EA3C140005D98C6 /* VideoToolbox.framework in Frameworks */ = {isa = PBXBuildFile; fileRef = 7DF4910E1EA3C140005D98C6 /* VideoToolbox.framework */; };
		7DF491111EA3C14B005D98C6 /* CoreGraphics.framework in Frameworks */ = {isa = PBXBuildFile; fileRef = 7DF491101EA3C14B005D98C6 /* CoreGraphics.framework */; };
		7DF491151EA3C19C005D98C6 /* IJKMediaFramework.framework in Frameworks */ = {isa = PBXBuildFile; fileRef = 7DF491141EA3C19C005D98C6 /* IJKMediaFramework.framework */; };
		7DF491181EA50A11005D98C6 /* CaptureVideosViewController.m in Sources */ = {isa = PBXBuildFile; fileRef = 7DF491171EA50A11005D98C6 /* CaptureVideosViewController.m */; };
		7DF4911C1EA50A4D005D98C6 /* BaseTabbarViewController.m in Sources */ = {isa = PBXBuildFile; fileRef = 7DF4911B1EA50A4D005D98C6 /* BaseTabbarViewController.m */; };
		7DF4911F1EA50AE9005D98C6 /* CaptureVideosNavigationController.m in Sources */ = {isa = PBXBuildFile; fileRef = 7DF4911E1EA50AE9005D98C6 /* CaptureVideosNavigationController.m */; };
		7DF491221EA511F9005D98C6 /* VideosNavigationController.m in Sources */ = {isa = PBXBuildFile; fileRef = 7DF491211EA511F9005D98C6 /* VideosNavigationController.m */; };
		7DF491251EA51240005D98C6 /* VideosViewController.m in Sources */ = {isa = PBXBuildFile; fileRef = 7DF491241EA51240005D98C6 /* VideosViewController.m */; };
		7F951A6FB0C31670FC0B6D6F /* libPods-非直播.a in Frameworks */ = {isa = PBXBuildFile; fileRef = 4A23EF00919B21123807FE20 /* libPods-非直播.a */; };
		8BB8C35D1EA6207A00C81373 /* AVCamPreviewView.m in Sources */ = {isa = PBXBuildFile; fileRef = 8BB8C35C1EA6207A00C81373 /* AVCamPreviewView.m */; };
		8BB8C3611EA6209C00C81373 /* AVCamPhotoCaptureDelegate.m in Sources */ = {isa = PBXBuildFile; fileRef = 8BB8C3601EA6209C00C81373 /* AVCamPhotoCaptureDelegate.m */; };
/* End PBXBuildFile section */

/* Begin PBXContainerItemProxy section */
		7DF490C11EA2745D005D98C6 /* PBXContainerItemProxy */ = {
			isa = PBXContainerItemProxy;
			containerPortal = 7DF4909F1EA2745D005D98C6 /* Project object */;
			proxyType = 1;
			remoteGlobalIDString = 7DF490A61EA2745D005D98C6;
			remoteInfo = "非直播";
		};
		7DF490CC1EA2745D005D98C6 /* PBXContainerItemProxy */ = {
			isa = PBXContainerItemProxy;
			containerPortal = 7DF4909F1EA2745D005D98C6 /* Project object */;
			proxyType = 1;
			remoteGlobalIDString = 7DF490A61EA2745D005D98C6;
			remoteInfo = "非直播";
		};
/* End PBXContainerItemProxy section */

/* Begin PBXFileReference section */
		4A23EF00919B21123807FE20 /* libPods-非直播.a */ = {isa = PBXFileReference; explicitFileType = archive.ar; includeInIndex = 0; path = "libPods-非直播.a"; sourceTree = BUILT_PRODUCTS_DIR; };
		50CDBFB149448613C0065ADA /* Pods-非直播.release.xcconfig */ = {isa = PBXFileReference; includeInIndex = 1; lastKnownFileType = text.xcconfig; name = "Pods-非直播.release.xcconfig"; path = "Pods/Target Support Files/Pods-非直播/Pods-非直播.release.xcconfig"; sourceTree = "<group>"; };
		7DF490A71EA2745D005D98C6 /* 非直播.app */ = {isa = PBXFileReference; explicitFileType = wrapper.application; includeInIndex = 0; path = "非直播.app"; sourceTree = BUILT_PRODUCTS_DIR; };
		7DF490AB1EA2745D005D98C6 /* main.m */ = {isa = PBXFileReference; lastKnownFileType = sourcecode.c.objc; path = main.m; sourceTree = "<group>"; };
		7DF490AD1EA2745D005D98C6 /* AppDelegate.h */ = {isa = PBXFileReference; lastKnownFileType = sourcecode.c.h; path = AppDelegate.h; sourceTree = "<group>"; };
		7DF490AE1EA2745D005D98C6 /* AppDelegate.m */ = {isa = PBXFileReference; lastKnownFileType = sourcecode.c.objc; path = AppDelegate.m; sourceTree = "<group>"; };
		7DF490B01EA2745D005D98C6 /* ViewController.h */ = {isa = PBXFileReference; lastKnownFileType = sourcecode.c.h; path = ViewController.h; sourceTree = "<group>"; };
		7DF490B11EA2745D005D98C6 /* ViewController.m */ = {isa = PBXFileReference; lastKnownFileType = sourcecode.c.objc; path = ViewController.m; sourceTree = "<group>"; };
		7DF490B41EA2745D005D98C6 /* Base */ = {isa = PBXFileReference; lastKnownFileType = file.storyboard; name = Base; path = Base.lproj/Main.storyboard; sourceTree = "<group>"; };
		7DF490B61EA2745D005D98C6 /* Assets.xcassets */ = {isa = PBXFileReference; lastKnownFileType = folder.assetcatalog; path = Assets.xcassets; sourceTree = "<group>"; };
		7DF490B91EA2745D005D98C6 /* Base */ = {isa = PBXFileReference; lastKnownFileType = file.storyboard; name = Base; path = Base.lproj/LaunchScreen.storyboard; sourceTree = "<group>"; };
		7DF490BB1EA2745D005D98C6 /* Info.plist */ = {isa = PBXFileReference; lastKnownFileType = text.plist.xml; path = Info.plist; sourceTree = "<group>"; };
		7DF490C01EA2745D005D98C6 /* 非直播Tests.xctest */ = {isa = PBXFileReference; explicitFileType = wrapper.cfbundle; includeInIndex = 0; path = "非直播Tests.xctest"; sourceTree = BUILT_PRODUCTS_DIR; };
		7DF490C41EA2745D005D98C6 /* ___Tests.m */ = {isa = PBXFileReference; lastKnownFileType = sourcecode.c.objc; path = "___Tests.m"; sourceTree = "<group>"; };
		7DF490C61EA2745D005D98C6 /* Info.plist */ = {isa = PBXFileReference; lastKnownFileType = text.plist.xml; path = Info.plist; sourceTree = "<group>"; };
		7DF490CB1EA2745D005D98C6 /* 非直播UITests.xctest */ = {isa = PBXFileReference; explicitFileType = wrapper.cfbundle; includeInIndex = 0; path = "非直播UITests.xctest"; sourceTree = BUILT_PRODUCTS_DIR; };
		7DF490CF1EA2745D005D98C6 /* ___UITests.m */ = {isa = PBXFileReference; lastKnownFileType = sourcecode.c.objc; path = "___UITests.m"; sourceTree = "<group>"; };
		7DF490D11EA2745D005D98C6 /* Info.plist */ = {isa = PBXFileReference; lastKnownFileType = text.plist.xml; path = Info.plist; sourceTree = "<group>"; };
		7DF490FC1EA3C0D4005D98C6 /* AudioToolbox.framework */ = {isa = PBXFileReference; lastKnownFileType = wrapper.framework; name = AudioToolbox.framework; path = System/Library/Frameworks/AudioToolbox.framework; sourceTree = SDKROOT; };
		7DF490FE1EA3C0DC005D98C6 /* AVFoundation.framework */ = {isa = PBXFileReference; lastKnownFileType = wrapper.framework; name = AVFoundation.framework; path = System/Library/Frameworks/AVFoundation.framework; sourceTree = SDKROOT; };
		7DF491001EA3C0E4005D98C6 /* CoreMedia.framework */ = {isa = PBXFileReference; lastKnownFileType = wrapper.framework; name = CoreMedia.framework; path = System/Library/Frameworks/CoreMedia.framework; sourceTree = SDKROOT; };
		7DF491021EA3C0EE005D98C6 /* CoreVideo.framework */ = {isa = PBXFileReference; lastKnownFileType = wrapper.framework; name = CoreVideo.framework; path = System/Library/Frameworks/CoreVideo.framework; sourceTree = SDKROOT; };
		7DF491041EA3C102005D98C6 /* libbz2.tbd */ = {isa = PBXFileReference; lastKnownFileType = "sourcecode.text-based-dylib-definition"; name = libbz2.tbd; path = usr/lib/libbz2.tbd; sourceTree = SDKROOT; };
		7DF491061EA3C10A005D98C6 /* libz.tbd */ = {isa = PBXFileReference; lastKnownFileType = "sourcecode.text-based-dylib-definition"; name = libz.tbd; path = usr/lib/libz.tbd; sourceTree = SDKROOT; };
		7DF491081EA3C118005D98C6 /* MediaPlayer.framework */ = {isa = PBXFileReference; lastKnownFileType = wrapper.framework; name = MediaPlayer.framework; path = System/Library/Frameworks/MediaPlayer.framework; sourceTree = SDKROOT; };
		7DF4910A1EA3C129005D98C6 /* MobileCoreServices.framework */ = {isa = PBXFileReference; lastKnownFileType = wrapper.framework; name = MobileCoreServices.framework; path = System/Library/Frameworks/MobileCoreServices.framework; sourceTree = SDKROOT; };
		7DF4910C1EA3C134005D98C6 /* OpenGLES.framework */ = {isa = PBXFileReference; lastKnownFileType = wrapper.framework; name = OpenGLES.framework; path = System/Library/Frameworks/OpenGLES.framework; sourceTree = SDKROOT; };
		7DF4910E1EA3C140005D98C6 /* VideoToolbox.framework */ = {isa = PBXFileReference; lastKnownFileType = wrapper.framework; name = VideoToolbox.framework; path = System/Library/Frameworks/VideoToolbox.framework; sourceTree = SDKROOT; };
		7DF491101EA3C14B005D98C6 /* CoreGraphics.framework */ = {isa = PBXFileReference; lastKnownFileType = wrapper.framework; name = CoreGraphics.framework; path = System/Library/Frameworks/CoreGraphics.framework; sourceTree = SDKROOT; };
		7DF491141EA3C19C005D98C6 /* IJKMediaFramework.framework */ = {isa = PBXFileReference; lastKnownFileType = wrapper.framework; path = IJKMediaFramework.framework; sourceTree = "<group>"; };
		7DF491161EA50A11005D98C6 /* CaptureVideosViewController.h */ = {isa = PBXFileReference; fileEncoding = 4; lastKnownFileType = sourcecode.c.h; path = CaptureVideosViewController.h; sourceTree = "<group>"; };
		7DF491171EA50A11005D98C6 /* CaptureVideosViewController.m */ = {isa = PBXFileReference; fileEncoding = 4; lastKnownFileType = sourcecode.c.objc; path = CaptureVideosViewController.m; sourceTree = "<group>"; };
		7DF4911A1EA50A4D005D98C6 /* BaseTabbarViewController.h */ = {isa = PBXFileReference; fileEncoding = 4; lastKnownFileType = sourcecode.c.h; path = BaseTabbarViewController.h; sourceTree = "<group>"; };
		7DF4911B1EA50A4D005D98C6 /* BaseTabbarViewController.m */ = {isa = PBXFileReference; fileEncoding = 4; lastKnownFileType = sourcecode.c.objc; path = BaseTabbarViewController.m; sourceTree = "<group>"; };
		7DF4911D1EA50AE9005D98C6 /* CaptureVideosNavigationController.h */ = {isa = PBXFileReference; fileEncoding = 4; lastKnownFileType = sourcecode.c.h; path = CaptureVideosNavigationController.h; sourceTree = "<group>"; };
		7DF4911E1EA50AE9005D98C6 /* CaptureVideosNavigationController.m */ = {isa = PBXFileReference; fileEncoding = 4; lastKnownFileType = sourcecode.c.objc; path = CaptureVideosNavigationController.m; sourceTree = "<group>"; };
		7DF491201EA511F9005D98C6 /* VideosNavigationController.h */ = {isa = PBXFileReference; fileEncoding = 4; lastKnownFileType = sourcecode.c.h; path = VideosNavigationController.h; sourceTree = "<group>"; };
		7DF491211EA511F9005D98C6 /* VideosNavigationController.m */ = {isa = PBXFileReference; fileEncoding = 4; lastKnownFileType = sourcecode.c.objc; path = VideosNavigationController.m; sourceTree = "<group>"; };
		7DF491231EA51240005D98C6 /* VideosViewController.h */ = {isa = PBXFileReference; fileEncoding = 4; lastKnownFileType = sourcecode.c.h; path = VideosViewController.h; sourceTree = "<group>"; };
		7DF491241EA51240005D98C6 /* VideosViewController.m */ = {isa = PBXFileReference; fileEncoding = 4; lastKnownFileType = sourcecode.c.objc; path = VideosViewController.m; sourceTree = "<group>"; };
		8BB8C35B1EA6207A00C81373 /* AVCamPreviewView.h */ = {isa = PBXFileReference; fileEncoding = 4; lastKnownFileType = sourcecode.c.h; path = AVCamPreviewView.h; sourceTree = "<group>"; };
		8BB8C35C1EA6207A00C81373 /* AVCamPreviewView.m */ = {isa = PBXFileReference; fileEncoding = 4; lastKnownFileType = sourcecode.c.objc; path = AVCamPreviewView.m; sourceTree = "<group>"; };
		8BB8C35F1EA6209C00C81373 /* AVCamPhotoCaptureDelegate.h */ = {isa = PBXFileReference; fileEncoding = 4; lastKnownFileType = sourcecode.c.h; path = AVCamPhotoCaptureDelegate.h; sourceTree = "<group>"; };
		8BB8C3601EA6209C00C81373 /* AVCamPhotoCaptureDelegate.m */ = {isa = PBXFileReference; fileEncoding = 4; lastKnownFileType = sourcecode.c.objc; path = AVCamPhotoCaptureDelegate.m; sourceTree = "<group>"; };
		D6E3778D66FEE8A5C8A5F6F4 /* Pods-非直播.debug.xcconfig */ = {isa = PBXFileReference; includeInIndex = 1; lastKnownFileType = text.xcconfig; name = "Pods-非直播.debug.xcconfig"; path = "Pods/Target Support Files/Pods-非直播/Pods-非直播.debug.xcconfig"; sourceTree = "<group>"; };
/* End PBXFileReference section */

/* Begin PBXFrameworksBuildPhase section */
		7DF490A41EA2745D005D98C6 /* Frameworks */ = {
			isa = PBXFrameworksBuildPhase;
			buildActionMask = 2147483647;
			files = (
				7DF491111EA3C14B005D98C6 /* CoreGraphics.framework in Frameworks */,
				7DF4910F1EA3C140005D98C6 /* VideoToolbox.framework in Frameworks */,
				7DF4910D1EA3C134005D98C6 /* OpenGLES.framework in Frameworks */,
				7DF491151EA3C19C005D98C6 /* IJKMediaFramework.framework in Frameworks */,
				7DF4910B1EA3C129005D98C6 /* MobileCoreServices.framework in Frameworks */,
				7DF491091EA3C118005D98C6 /* MediaPlayer.framework in Frameworks */,
				7DF491071EA3C10A005D98C6 /* libz.tbd in Frameworks */,
				7DF491051EA3C102005D98C6 /* libbz2.tbd in Frameworks */,
				7DF491031EA3C0EE005D98C6 /* CoreVideo.framework in Frameworks */,
				7DF491011EA3C0E4005D98C6 /* CoreMedia.framework in Frameworks */,
				7DF490FF1EA3C0DC005D98C6 /* AVFoundation.framework in Frameworks */,
				7DF490FD1EA3C0D4005D98C6 /* AudioToolbox.framework in Frameworks */,
				7F951A6FB0C31670FC0B6D6F /* libPods-非直播.a in Frameworks */,
			);
			runOnlyForDeploymentPostprocessing = 0;
		};
		7DF490BD1EA2745D005D98C6 /* Frameworks */ = {
			isa = PBXFrameworksBuildPhase;
			buildActionMask = 2147483647;
			files = (
			);
			runOnlyForDeploymentPostprocessing = 0;
		};
		7DF490C81EA2745D005D98C6 /* Frameworks */ = {
			isa = PBXFrameworksBuildPhase;
			buildActionMask = 2147483647;
			files = (
			);
			runOnlyForDeploymentPostprocessing = 0;
		};
/* End PBXFrameworksBuildPhase section */

/* Begin PBXGroup section */
		0E139C50E994B7652034D4AB /* Pods */ = {
			isa = PBXGroup;
			children = (
				D6E3778D66FEE8A5C8A5F6F4 /* Pods-非直播.debug.xcconfig */,
				50CDBFB149448613C0065ADA /* Pods-非直播.release.xcconfig */,
			);
			name = Pods;
			sourceTree = "<group>";
		};
		7DF4909E1EA2745D005D98C6 = {
			isa = PBXGroup;
			children = (
				7DF490A91EA2745D005D98C6 /* 非直播 */,
				7DF490C31EA2745D005D98C6 /* 非直播Tests */,
				7DF490CE1EA2745D005D98C6 /* 非直播UITests */,
				7DF490A81EA2745D005D98C6 /* Products */,
				7DF490FB1EA3C0D3005D98C6 /* Frameworks */,
				0E139C50E994B7652034D4AB /* Pods */,
			);
			sourceTree = "<group>";
		};
		7DF490A81EA2745D005D98C6 /* Products */ = {
			isa = PBXGroup;
			children = (
				7DF490A71EA2745D005D98C6 /* 非直播.app */,
				7DF490C01EA2745D005D98C6 /* 非直播Tests.xctest */,
				7DF490CB1EA2745D005D98C6 /* 非直播UITests.xctest */,
			);
			name = Products;
			sourceTree = "<group>";
		};
		7DF490A91EA2745D005D98C6 /* 非直播 */ = {
			isa = PBXGroup;
			children = (
				8BB8C35A1EA6205200C81373 /* View */,
				7DF491191EA50A25005D98C6 /* Base */,
				7DF490AD1EA2745D005D98C6 /* AppDelegate.h */,
				7DF490AE1EA2745D005D98C6 /* AppDelegate.m */,
				7DF490B01EA2745D005D98C6 /* ViewController.h */,
				7DF490B11EA2745D005D98C6 /* ViewController.m */,
				7DF491231EA51240005D98C6 /* VideosViewController.h */,
				7DF491241EA51240005D98C6 /* VideosViewController.m */,
				7DF491161EA50A11005D98C6 /* CaptureVideosViewController.h */,
				7DF491171EA50A11005D98C6 /* CaptureVideosViewController.m */,
				8BB8C35F1EA6209C00C81373 /* AVCamPhotoCaptureDelegate.h */,
				8BB8C3601EA6209C00C81373 /* AVCamPhotoCaptureDelegate.m */,
				7DF490B31EA2745D005D98C6 /* Main.storyboard */,
				7DF490B61EA2745D005D98C6 /* Assets.xcassets */,
				7DF490B81EA2745D005D98C6 /* LaunchScreen.storyboard */,
				7DF490BB1EA2745D005D98C6 /* Info.plist */,
				7DF490AA1EA2745D005D98C6 /* Supporting Files */,
			);
			path = "非直播";
			sourceTree = "<group>";
		};
		7DF490AA1EA2745D005D98C6 /* Supporting Files */ = {
			isa = PBXGroup;
			children = (
				7DF490AB1EA2745D005D98C6 /* main.m */,
			);
			name = "Supporting Files";
			sourceTree = "<group>";
		};
		7DF490C31EA2745D005D98C6 /* 非直播Tests */ = {
			isa = PBXGroup;
			children = (
				7DF490C41EA2745D005D98C6 /* ___Tests.m */,
				7DF490C61EA2745D005D98C6 /* Info.plist */,
			);
			path = "非直播Tests";
			sourceTree = "<group>";
		};
		7DF490CE1EA2745D005D98C6 /* 非直播UITests */ = {
			isa = PBXGroup;
			children = (
				7DF490CF1EA2745D005D98C6 /* ___UITests.m */,
				7DF490D11EA2745D005D98C6 /* Info.plist */,
			);
			path = "非直播UITests";
			sourceTree = "<group>";
		};
		7DF490FB1EA3C0D3005D98C6 /* Frameworks */ = {
			isa = PBXGroup;
			children = (
				7DF491141EA3C19C005D98C6 /* IJKMediaFramework.framework */,
				7DF491101EA3C14B005D98C6 /* CoreGraphics.framework */,
				7DF4910E1EA3C140005D98C6 /* VideoToolbox.framework */,
				7DF4910C1EA3C134005D98C6 /* OpenGLES.framework */,
				7DF4910A1EA3C129005D98C6 /* MobileCoreServices.framework */,
				7DF491081EA3C118005D98C6 /* MediaPlayer.framework */,
				7DF491061EA3C10A005D98C6 /* libz.tbd */,
				7DF491041EA3C102005D98C6 /* libbz2.tbd */,
				7DF491021EA3C0EE005D98C6 /* CoreVideo.framework */,
				7DF491001EA3C0E4005D98C6 /* CoreMedia.framework */,
				7DF490FE1EA3C0DC005D98C6 /* AVFoundation.framework */,
				7DF490FC1EA3C0D4005D98C6 /* AudioToolbox.framework */,
				4A23EF00919B21123807FE20 /* libPods-非直播.a */,
			);
			name = Frameworks;
			sourceTree = "<group>";
		};
		7DF491191EA50A25005D98C6 /* Base */ = {
			isa = PBXGroup;
			children = (
				7DF4911A1EA50A4D005D98C6 /* BaseTabbarViewController.h */,
				7DF4911B1EA50A4D005D98C6 /* BaseTabbarViewController.m */,
				7DF4911D1EA50AE9005D98C6 /* CaptureVideosNavigationController.h */,
				7DF4911E1EA50AE9005D98C6 /* CaptureVideosNavigationController.m */,
				7DF491201EA511F9005D98C6 /* VideosNavigationController.h */,
				7DF491211EA511F9005D98C6 /* VideosNavigationController.m */,
			);
			name = Base;
			sourceTree = "<group>";
		};
		8BB8C35A1EA6205200C81373 /* View */ = {
			isa = PBXGroup;
			children = (
				8BB8C35B1EA6207A00C81373 /* AVCamPreviewView.h */,
				8BB8C35C1EA6207A00C81373 /* AVCamPreviewView.m */,
			);
			name = View;
			sourceTree = "<group>";
		};
/* End PBXGroup section */

/* Begin PBXNativeTarget section */
		7DF490A61EA2745D005D98C6 /* 非直播 */ = {
			isa = PBXNativeTarget;
			buildConfigurationList = 7DF490D41EA2745D005D98C6 /* Build configuration list for PBXNativeTarget "非直播" */;
			buildPhases = (
				2CDD43F03BB7D90368CF5ADA /* [CP] Check Pods Manifest.lock */,
				7DF490A31EA2745D005D98C6 /* Sources */,
				7DF490A41EA2745D005D98C6 /* Frameworks */,
				7DF490A51EA2745D005D98C6 /* Resources */,
				08DD9B2B64CD54DCD877353E /* [CP] Embed Pods Frameworks */,
				DA5223DB2FD75B316A743957 /* [CP] Copy Pods Resources */,
			);
			buildRules = (
			);
			dependencies = (
			);
			name = "非直播";
			productName = "非直播";
			productReference = 7DF490A71EA2745D005D98C6 /* 非直播.app */;
			productType = "com.apple.product-type.application";
		};
		7DF490BF1EA2745D005D98C6 /* 非直播Tests */ = {
			isa = PBXNativeTarget;
			buildConfigurationList = 7DF490D71EA2745D005D98C6 /* Build configuration list for PBXNativeTarget "非直播Tests" */;
			buildPhases = (
				7DF490BC1EA2745D005D98C6 /* Sources */,
				7DF490BD1EA2745D005D98C6 /* Frameworks */,
				7DF490BE1EA2745D005D98C6 /* Resources */,
			);
			buildRules = (
			);
			dependencies = (
				7DF490C21EA2745D005D98C6 /* PBXTargetDependency */,
			);
			name = "非直播Tests";
			productName = "非直播Tests";
			productReference = 7DF490C01EA2745D005D98C6 /* 非直播Tests.xctest */;
			productType = "com.apple.product-type.bundle.unit-test";
		};
		7DF490CA1EA2745D005D98C6 /* 非直播UITests */ = {
			isa = PBXNativeTarget;
			buildConfigurationList = 7DF490DA1EA2745D005D98C6 /* Build configuration list for PBXNativeTarget "非直播UITests" */;
			buildPhases = (
				7DF490C71EA2745D005D98C6 /* Sources */,
				7DF490C81EA2745D005D98C6 /* Frameworks */,
				7DF490C91EA2745D005D98C6 /* Resources */,
			);
			buildRules = (
			);
			dependencies = (
				7DF490CD1EA2745D005D98C6 /* PBXTargetDependency */,
			);
			name = "非直播UITests";
			productName = "非直播UITests";
			productReference = 7DF490CB1EA2745D005D98C6 /* 非直播UITests.xctest */;
			productType = "com.apple.product-type.bundle.ui-testing";
		};
/* End PBXNativeTarget section */

/* Begin PBXProject section */
		7DF4909F1EA2745D005D98C6 /* Project object */ = {
			isa = PBXProject;
			attributes = {
				LastUpgradeCheck = 0830;
				ORGANIZATIONNAME = klone;
				TargetAttributes = {
					7DF490A61EA2745D005D98C6 = {
						CreatedOnToolsVersion = 8.3.1;
						DevelopmentTeam = TBSUACPT52;
						ProvisioningStyle = Automatic;
					};
					7DF490BF1EA2745D005D98C6 = {
						CreatedOnToolsVersion = 8.3.1;
						DevelopmentTeam = TBSUACPT52;
						ProvisioningStyle = Automatic;
						TestTargetID = 7DF490A61EA2745D005D98C6;
					};
					7DF490CA1EA2745D005D98C6 = {
						CreatedOnToolsVersion = 8.3.1;
						DevelopmentTeam = TBSUACPT52;
						ProvisioningStyle = Automatic;
						TestTargetID = 7DF490A61EA2745D005D98C6;
					};
				};
			};
			buildConfigurationList = 7DF490A21EA2745D005D98C6 /* Build configuration list for PBXProject "非直播" */;
			compatibilityVersion = "Xcode 3.2";
			developmentRegion = English;
			hasScannedForEncodings = 0;
			knownRegions = (
				en,
				Base,
			);
			mainGroup = 7DF4909E1EA2745D005D98C6;
			productRefGroup = 7DF490A81EA2745D005D98C6 /* Products */;
			projectDirPath = "";
			projectRoot = "";
			targets = (
				7DF490A61EA2745D005D98C6 /* 非直播 */,
				7DF490BF1EA2745D005D98C6 /* 非直播Tests */,
				7DF490CA1EA2745D005D98C6 /* 非直播UITests */,
			);
		};
/* End PBXProject section */

/* Begin PBXResourcesBuildPhase section */
		7DF490A51EA2745D005D98C6 /* Resources */ = {
			isa = PBXResourcesBuildPhase;
			buildActionMask = 2147483647;
			files = (
				7DF490BA1EA2745D005D98C6 /* LaunchScreen.storyboard in Resources */,
				7DF490B71EA2745D005D98C6 /* Assets.xcassets in Resources */,
				7DF490B51EA2745D005D98C6 /* Main.storyboard in Resources */,
			);
			runOnlyForDeploymentPostprocessing = 0;
		};
		7DF490BE1EA2745D005D98C6 /* Resources */ = {
			isa = PBXResourcesBuildPhase;
			buildActionMask = 2147483647;
			files = (
			);
			runOnlyForDeploymentPostprocessing = 0;
		};
		7DF490C91EA2745D005D98C6 /* Resources */ = {
			isa = PBXResourcesBuildPhase;
			buildActionMask = 2147483647;
			files = (
			);
			runOnlyForDeploymentPostprocessing = 0;
		};
/* End PBXResourcesBuildPhase section */

/* Begin PBXShellScriptBuildPhase section */
		08DD9B2B64CD54DCD877353E /* [CP] Embed Pods Frameworks */ = {
			isa = PBXShellScriptBuildPhase;
			buildActionMask = 2147483647;
			files = (
			);
			inputPaths = (
			);
			name = "[CP] Embed Pods Frameworks";
			outputPaths = (
			);
			runOnlyForDeploymentPostprocessing = 0;
			shellPath = /bin/sh;
			shellScript = "\"${SRCROOT}/Pods/Target Support Files/Pods-非直播/Pods-非直播-frameworks.sh\"\n";
			showEnvVarsInLog = 0;
		};
		2CDD43F03BB7D90368CF5ADA /* [CP] Check Pods Manifest.lock */ = {
			isa = PBXShellScriptBuildPhase;
			buildActionMask = 2147483647;
			files = (
			);
			inputPaths = (
			);
			name = "[CP] Check Pods Manifest.lock";
			outputPaths = (
			);
			runOnlyForDeploymentPostprocessing = 0;
			shellPath = /bin/sh;
			shellScript = "diff \"${PODS_ROOT}/../Podfile.lock\" \"${PODS_ROOT}/Manifest.lock\" > /dev/null\nif [ $? != 0 ] ; then\n    # print error to STDERR\n    echo \"error: The sandbox is not in sync with the Podfile.lock. Run 'pod install' or update your CocoaPods installation.\" >&2\n    exit 1\nfi\n";
			showEnvVarsInLog = 0;
		};
		DA5223DB2FD75B316A743957 /* [CP] Copy Pods Resources */ = {
			isa = PBXShellScriptBuildPhase;
			buildActionMask = 2147483647;
			files = (
			);
			inputPaths = (
			);
			name = "[CP] Copy Pods Resources";
			outputPaths = (
			);
			runOnlyForDeploymentPostprocessing = 0;
			shellPath = /bin/sh;
			shellScript = "\"${SRCROOT}/Pods/Target Support Files/Pods-非直播/Pods-非直播-resources.sh\"\n";
			showEnvVarsInLog = 0;
		};
/* End PBXShellScriptBuildPhase section */

/* Begin PBXSourcesBuildPhase section */
		7DF490A31EA2745D005D98C6 /* Sources */ = {
			isa = PBXSourcesBuildPhase;
			buildActionMask = 2147483647;
			files = (
				7DF490B21EA2745D005D98C6 /* ViewController.m in Sources */,
				7DF491221EA511F9005D98C6 /* VideosNavigationController.m in Sources */,
				8BB8C35D1EA6207A00C81373 /* AVCamPreviewView.m in Sources */,
				7DF491251EA51240005D98C6 /* VideosViewController.m in Sources */,
				7DF491181EA50A11005D98C6 /* CaptureVideosViewController.m in Sources */,
				8BB8C3611EA6209C00C81373 /* AVCamPhotoCaptureDelegate.m in Sources */,
				7DF4911C1EA50A4D005D98C6 /* BaseTabbarViewController.m in Sources */,
				7DF490AF1EA2745D005D98C6 /* AppDelegate.m in Sources */,
				7DF4911F1EA50AE9005D98C6 /* CaptureVideosNavigationController.m in Sources */,
				7DF490AC1EA2745D005D98C6 /* main.m in Sources */,
			);
			runOnlyForDeploymentPostprocessing = 0;
		};
		7DF490BC1EA2745D005D98C6 /* Sources */ = {
			isa = PBXSourcesBuildPhase;
			buildActionMask = 2147483647;
			files = (
				7DF490C51EA2745D005D98C6 /* ___Tests.m in Sources */,
			);
			runOnlyForDeploymentPostprocessing = 0;
		};
		7DF490C71EA2745D005D98C6 /* Sources */ = {
			isa = PBXSourcesBuildPhase;
			buildActionMask = 2147483647;
			files = (
				7DF490D01EA2745D005D98C6 /* ___UITests.m in Sources */,
			);
			runOnlyForDeploymentPostprocessing = 0;
		};
/* End PBXSourcesBuildPhase section */

/* Begin PBXTargetDependency section */
		7DF490C21EA2745D005D98C6 /* PBXTargetDependency */ = {
			isa = PBXTargetDependency;
			target = 7DF490A61EA2745D005D98C6 /* 非直播 */;
			targetProxy = 7DF490C11EA2745D005D98C6 /* PBXContainerItemProxy */;
		};
		7DF490CD1EA2745D005D98C6 /* PBXTargetDependency */ = {
			isa = PBXTargetDependency;
			target = 7DF490A61EA2745D005D98C6 /* 非直播 */;
			targetProxy = 7DF490CC1EA2745D005D98C6 /* PBXContainerItemProxy */;
		};
/* End PBXTargetDependency section */

/* Begin PBXVariantGroup section */
		7DF490B31EA2745D005D98C6 /* Main.storyboard */ = {
			isa = PBXVariantGroup;
			children = (
				7DF490B41EA2745D005D98C6 /* Base */,
			);
			name = Main.storyboard;
			sourceTree = "<group>";
		};
		7DF490B81EA2745D005D98C6 /* LaunchScreen.storyboard */ = {
			isa = PBXVariantGroup;
			children = (
				7DF490B91EA2745D005D98C6 /* Base */,
			);
			name = LaunchScreen.storyboard;
			sourceTree = "<group>";
		};
/* End PBXVariantGroup section */

/* Begin XCBuildConfiguration section */
		7DF490D21EA2745D005D98C6 /* Debug */ = {
			isa = XCBuildConfiguration;
			buildSettings = {
				ALWAYS_SEARCH_USER_PATHS = NO;
				CLANG_ANALYZER_NONNULL = YES;
				CLANG_ANALYZER_NUMBER_OBJECT_CONVERSION = YES_AGGRESSIVE;
				CLANG_CXX_LANGUAGE_STANDARD = "gnu++0x";
				CLANG_CXX_LIBRARY = "libc++";
				CLANG_ENABLE_MODULES = YES;
				CLANG_ENABLE_OBJC_ARC = YES;
				CLANG_WARN_BOOL_CONVERSION = YES;
				CLANG_WARN_CONSTANT_CONVERSION = YES;
				CLANG_WARN_DIRECT_OBJC_ISA_USAGE = YES_ERROR;
				CLANG_WARN_DOCUMENTATION_COMMENTS = YES;
				CLANG_WARN_EMPTY_BODY = YES;
				CLANG_WARN_ENUM_CONVERSION = YES;
				CLANG_WARN_INFINITE_RECURSION = YES;
				CLANG_WARN_INT_CONVERSION = YES;
				CLANG_WARN_OBJC_ROOT_CLASS = YES_ERROR;
				CLANG_WARN_SUSPICIOUS_MOVE = YES;
				CLANG_WARN_UNREACHABLE_CODE = YES;
				CLANG_WARN__DUPLICATE_METHOD_MATCH = YES;
				"CODE_SIGN_IDENTITY[sdk=iphoneos*]" = "iPhone Developer";
				COPY_PHASE_STRIP = NO;
				DEBUG_INFORMATION_FORMAT = dwarf;
				ENABLE_STRICT_OBJC_MSGSEND = YES;
				ENABLE_TESTABILITY = YES;
				GCC_C_LANGUAGE_STANDARD = gnu99;
				GCC_DYNAMIC_NO_PIC = NO;
				GCC_NO_COMMON_BLOCKS = YES;
				GCC_OPTIMIZATION_LEVEL = 0;
				GCC_PREPROCESSOR_DEFINITIONS = (
					"DEBUG=1",
					"$(inherited)",
				);
				GCC_WARN_64_TO_32_BIT_CONVERSION = YES;
				GCC_WARN_ABOUT_RETURN_TYPE = YES_ERROR;
				GCC_WARN_UNDECLARED_SELECTOR = YES;
				GCC_WARN_UNINITIALIZED_AUTOS = YES_AGGRESSIVE;
				GCC_WARN_UNUSED_FUNCTION = YES;
				GCC_WARN_UNUSED_VARIABLE = YES;
				IPHONEOS_DEPLOYMENT_TARGET = 10.3;
				MTL_ENABLE_DEBUG_INFO = YES;
				ONLY_ACTIVE_ARCH = YES;
				SDKROOT = iphoneos;
			};
			name = Debug;
		};
		7DF490D31EA2745D005D98C6 /* Release */ = {
			isa = XCBuildConfiguration;
			buildSettings = {
				ALWAYS_SEARCH_USER_PATHS = NO;
				CLANG_ANALYZER_NONNULL = YES;
				CLANG_ANALYZER_NUMBER_OBJECT_CONVERSION = YES_AGGRESSIVE;
				CLANG_CXX_LANGUAGE_STANDARD = "gnu++0x";
				CLANG_CXX_LIBRARY = "libc++";
				CLANG_ENABLE_MODULES = YES;
				CLANG_ENABLE_OBJC_ARC = YES;
				CLANG_WARN_BOOL_CONVERSION = YES;
				CLANG_WARN_CONSTANT_CONVERSION = YES;
				CLANG_WARN_DIRECT_OBJC_ISA_USAGE = YES_ERROR;
				CLANG_WARN_DOCUMENTATION_COMMENTS = YES;
				CLANG_WARN_EMPTY_BODY = YES;
				CLANG_WARN_ENUM_CONVERSION = YES;
				CLANG_WARN_INFINITE_RECURSION = YES;
				CLANG_WARN_INT_CONVERSION = YES;
				CLANG_WARN_OBJC_ROOT_CLASS = YES_ERROR;
				CLANG_WARN_SUSPICIOUS_MOVE = YES;
				CLANG_WARN_UNREACHABLE_CODE = YES;
				CLANG_WARN__DUPLICATE_METHOD_MATCH = YES;
				"CODE_SIGN_IDENTITY[sdk=iphoneos*]" = "iPhone Developer";
				COPY_PHASE_STRIP = NO;
				DEBUG_INFORMATION_FORMAT = "dwarf-with-dsym";
				ENABLE_NS_ASSERTIONS = NO;
				ENABLE_STRICT_OBJC_MSGSEND = YES;
				GCC_C_LANGUAGE_STANDARD = gnu99;
				GCC_NO_COMMON_BLOCKS = YES;
				GCC_WARN_64_TO_32_BIT_CONVERSION = YES;
				GCC_WARN_ABOUT_RETURN_TYPE = YES_ERROR;
				GCC_WARN_UNDECLARED_SELECTOR = YES;
				GCC_WARN_UNINITIALIZED_AUTOS = YES_AGGRESSIVE;
				GCC_WARN_UNUSED_FUNCTION = YES;
				GCC_WARN_UNUSED_VARIABLE = YES;
				IPHONEOS_DEPLOYMENT_TARGET = 10.3;
				MTL_ENABLE_DEBUG_INFO = NO;
				SDKROOT = iphoneos;
				VALIDATE_PRODUCT = YES;
			};
			name = Release;
		};
		7DF490D51EA2745D005D98C6 /* Debug */ = {
			isa = XCBuildConfiguration;
			baseConfigurationReference = D6E3778D66FEE8A5C8A5F6F4 /* Pods-非直播.debug.xcconfig */;
			buildSettings = {
				ASSETCATALOG_COMPILER_APPICON_NAME = AppIcon;
				DEVELOPMENT_TEAM = TBSUACPT52;
				FRAMEWORK_SEARCH_PATHS = (
					"$(inherited)",
					"$(PROJECT_DIR)",
				);
				INFOPLIST_FILE = "非直播/Info.plist";
				IPHONEOS_DEPLOYMENT_TARGET = 10.0;
				LD_RUNPATH_SEARCH_PATHS = "$(inherited) @executable_path/Frameworks";
				OTHER_LDFLAGS = (
					"-lc++",
					"$(inherited)",
				);
				PRODUCT_BUNDLE_IDENTIFIER = com.klone.feilive;
				PRODUCT_NAME = "$(TARGET_NAME)";
			};
			name = Debug;
		};
		7DF490D61EA2745D005D98C6 /* Release */ = {
			isa = XCBuildConfiguration;
			baseConfigurationReference = 50CDBFB149448613C0065ADA /* Pods-非直播.release.xcconfig */;
			buildSettings = {
				ASSETCATALOG_COMPILER_APPICON_NAME = AppIcon;
				DEVELOPMENT_TEAM = TBSUACPT52;
				FRAMEWORK_SEARCH_PATHS = (
					"$(inherited)",
					"$(PROJECT_DIR)",
				);
				INFOPLIST_FILE = "非直播/Info.plist";
				IPHONEOS_DEPLOYMENT_TARGET = 10.0;
				LD_RUNPATH_SEARCH_PATHS = "$(inherited) @executable_path/Frameworks";
				OTHER_LDFLAGS = (
					"-lc++",
					"$(inherited)",
				);
				PRODUCT_BUNDLE_IDENTIFIER = com.klone.feilive;
				PRODUCT_NAME = "$(TARGET_NAME)";
			};
			name = Release;
		};
		7DF490D81EA2745D005D98C6 /* Debug */ = {
			isa = XCBuildConfiguration;
			buildSettings = {
				BUNDLE_LOADER = "$(TEST_HOST)";
				DEVELOPMENT_TEAM = TBSUACPT52;
				INFOPLIST_FILE = "非直播Tests/Info.plist";
				LD_RUNPATH_SEARCH_PATHS = "$(inherited) @executable_path/Frameworks @loader_path/Frameworks";
				PRODUCT_BUNDLE_IDENTIFIER = "com.klone.---Tests";
				PRODUCT_NAME = "$(TARGET_NAME)";
				TEST_HOST = "$(BUILT_PRODUCTS_DIR)/非直播.app/非直播";
			};
			name = Debug;
		};
		7DF490D91EA2745D005D98C6 /* Release */ = {
			isa = XCBuildConfiguration;
			buildSettings = {
				BUNDLE_LOADER = "$(TEST_HOST)";
				DEVELOPMENT_TEAM = TBSUACPT52;
				INFOPLIST_FILE = "非直播Tests/Info.plist";
				LD_RUNPATH_SEARCH_PATHS = "$(inherited) @executable_path/Frameworks @loader_path/Frameworks";
				PRODUCT_BUNDLE_IDENTIFIER = "com.klone.---Tests";
				PRODUCT_NAME = "$(TARGET_NAME)";
				TEST_HOST = "$(BUILT_PRODUCTS_DIR)/非直播.app/非直播";
			};
			name = Release;
		};
		7DF490DB1EA2745D005D98C6 /* Debug */ = {
			isa = XCBuildConfiguration;
			buildSettings = {
				DEVELOPMENT_TEAM = TBSUACPT52;
				INFOPLIST_FILE = "非直播UITests/Info.plist";
				LD_RUNPATH_SEARCH_PATHS = "$(inherited) @executable_path/Frameworks @loader_path/Frameworks";
				PRODUCT_BUNDLE_IDENTIFIER = "com.klone.---UITests";
				PRODUCT_NAME = "$(TARGET_NAME)";
				TEST_TARGET_NAME = "非直播";
			};
			name = Debug;
		};
		7DF490DC1EA2745D005D98C6 /* Release */ = {
			isa = XCBuildConfiguration;
			buildSettings = {
				DEVELOPMENT_TEAM = TBSUACPT52;
				INFOPLIST_FILE = "非直播UITests/Info.plist";
				LD_RUNPATH_SEARCH_PATHS = "$(inherited) @executable_path/Frameworks @loader_path/Frameworks";
				PRODUCT_BUNDLE_IDENTIFIER = "com.klone.---UITests";
				PRODUCT_NAME = "$(TARGET_NAME)";
				TEST_TARGET_NAME = "非直播";
			};
			name = Release;
		};
/* End XCBuildConfiguration section */

/* Begin XCConfigurationList section */
		7DF490A21EA2745D005D98C6 /* Build configuration list for PBXProject "非直播" */ = {
			isa = XCConfigurationList;
			buildConfigurations = (
				7DF490D21EA2745D005D98C6 /* Debug */,
				7DF490D31EA2745D005D98C6 /* Release */,
			);
			defaultConfigurationIsVisible = 0;
			defaultConfigurationName = Release;
		};
		7DF490D41EA2745D005D98C6 /* Build configuration list for PBXNativeTarget "非直播" */ = {
			isa = XCConfigurationList;
			buildConfigurations = (
				7DF490D51EA2745D005D98C6 /* Debug */,
				7DF490D61EA2745D005D98C6 /* Release */,
			);
			defaultConfigurationIsVisible = 0;
			defaultConfigurationName = Release;
		};
		7DF490D71EA2745D005D98C6 /* Build configuration list for PBXNativeTarget "非直播Tests" */ = {
			isa = XCConfigurationList;
			buildConfigurations = (
				7DF490D81EA2745D005D98C6 /* Debug */,
				7DF490D91EA2745D005D98C6 /* Release */,
			);
			defaultConfigurationIsVisible = 0;
			defaultConfigurationName = Release;
		};
		7DF490DA1EA2745D005D98C6 /* Build configuration list for PBXNativeTarget "非直播UITests" */ = {
			isa = XCConfigurationList;
			buildConfigurations = (
				7DF490DB1EA2745D005D98C6 /* Debug */,
				7DF490DC1EA2745D005D98C6 /* Release */,
			);
			defaultConfigurationIsVisible = 0;
			defaultConfigurationName = Release;
		};
/* End XCConfigurationList section */
	};
	rootObject = 7DF4909F1EA2745D005D98C6 /* Project object */;
}
